{
  "name": "factory-example",
  "lockfileVersion": 2,
  "requires": true,
  "packages": {
    "": {
      "name": "factory-example",
      "dependencies": {
        "@faker-js/faker": "7.5.0",
        "@frontside/graphgen": "../../build/npm"
      }
    },
    "../../build/npm": {
      "name": "@frontside/graphgen",
      "version": "1.3.4",
      "license": "ISC",
      "dependencies": {
        "alea": "1.0.1",
        "glob-to-regexp": "0.4.1",
        "graphql": "16.5.0",
        "hash.js": "1.1.7"
      },
      "engines": {
        "node": ">= 14"
      }
    },
    "node_modules/@faker-js/faker": {
      "version": "7.5.0",
      "resolved": "https://registry.npmjs.org/@faker-js/faker/-/faker-7.5.0.tgz",
      "integrity": "sha512-8wNUCCUHvfvI0gQpDUho/3gPzABffnCn5um65F8dzQ86zz6dlt4+nmAA7PQUc8L+eH+9RgR/qzy5N/8kN0Ozdw==",
      "engines": {
        "node": ">=14.0.0",
        "npm": ">=6.0.0"
      }
    },
    "node_modules/@frontside/graphgen": {
      "resolved": "../../build/npm",
      "link": true
    }
  },
  "dependencies": {
    "@faker-js/faker": {
      "version": "7.5.0",
      "resolved": "https://registry.npmjs.org/@faker-js/faker/-/faker-7.5.0.tgz",
      "integrity": "sha512-8wNUCCUHvfvI0gQpDUho/3gPzABffnCn5um65F8dzQ86zz6dlt4+nmAA7PQUc8L+eH+9RgR/qzy5N/8kN0Ozdw=="
    },
    "@frontside/graphgen": {
      "version": "file:../../build/npm",
      "requires": {
        "alea": "1.0.1",
        "glob-to-regexp": "0.4.1",
        "graphql": "16.5.0",
        "hash.js": "1.1.7"
      }
    }
  }
}
