{
  "version": "2",
  "remote": {
    "https://deno.land/std@0.140.0/fmt/colors.ts": "30455035d6d728394781c10755351742dd731e3db6771b1843f9b9e490104d37",
    "https://deno.land/std@0.140.0/testing/_diff.ts": "029a00560b0d534bc0046f1bce4bd36b3b41ada3f2a3178c85686eb2ff5f1413",
    "https://deno.land/std@0.140.0/testing/_format.ts": "0d8dc79eab15b67cdc532826213bbe05bccfd276ca473a50a3fc7bbfb7260642",
    "https://deno.land/std@0.140.0/testing/asserts.ts": "3eea146ece74b36d4add6243c19c302e47b2b0201fbeceeeb243b06b6b410af7",
    "https://deno.land/std@0.145.0/fmt/colors.ts": "6f9340b7fb8cc25a993a99e5efc56fe81bb5af284ff412129dd06df06f53c0b4",
    "https://deno.land/std@0.145.0/testing/_diff.ts": "029a00560b0d534bc0046f1bce4bd36b3b41ada3f2a3178c85686eb2ff5f1413",
    "https://deno.land/std@0.145.0/testing/_format.ts": "0d8dc79eab15b67cdc532826213bbe05bccfd276ca473a50a3fc7bbfb7260642",
    "https://deno.land/std@0.145.0/testing/_test_suite.ts": "ad453767aeb8c300878a6b7920e20370f4ce92a7b6c8e8a5d1ac2b7c14a09acb",
    "https://deno.land/std@0.145.0/testing/asserts.ts": "319df43e1e6bba2520508f6090a21a9a640cbe2754d255aee17cd1dfa78c2ff6",
    "https://deno.land/std@0.145.0/testing/bdd.ts": "182bb823e09bd75b76063ecf50722870101b7cfadf97a09fa29127279dc21128",
    "https://deno.land/std@0.97.0/fmt/colors.ts": "db22b314a2ae9430ae7460ce005e0a7130e23ae1c999157e3bb77cf55800f7e4",
    "https://deno.land/std@0.97.0/testing/_diff.ts": "961eaf6d9f5b0a8556c9d835bbc6fa74f5addd7d3b02728ba7936ff93364f7a3",
    "https://deno.land/std@0.97.0/testing/asserts.ts": "341292d12eebc44be4c3c2ca101ba8b6b5859cef2fa69d50c217f9d0bfbcfd1f",
    "https://deno.land/x/continuation@0.1.0/mod.ts": "e9579e5bacf37a837b67f06997ede088ac477f1b2bbbace5f7bbd5b55fef8cce",
    "https://deno.land/x/expect@v0.2.9/expect.ts": "128c60f94ff3f977e2a649463238e403f9bdb8e6ab77e65214c0236bd61b0111",
    "https://deno.land/x/expect@v0.2.9/matchers.ts": "ba7360b73c5031a22449fa98eb4d5dbe7f256a88dd4c22ccae96dc6c01f0b19c",
    "https://deno.land/x/expect@v0.2.9/mock.ts": "562d4b1d735d15b0b8e935f342679096b64fe452f86e96714fe8616c0c884914",
    "https://deno.land/x/expect@v0.2.9/mod.ts": "0304d2430e1e96ba669a8495e24ba606dcc3d152e1f81aaa8da898cea24e36c2",
    "https://deno.land/x/gaussian@v0.1.0/box-muller.ts": "7216534e13366883b27059a816f6c45d0c3d1d657f8d604189f986565ea50689",
    "https://deno.land/x/gaussian@v0.1.0/gaussian.ts": "b87ae072c807b8ef68bcabd371337568162e9aa2c8b32337e75dd1942065ed17",
    "https://deno.land/x/gaussian@v0.1.0/mod.ts": "fe24aeffe2d9b5b6b2644e6c86b2d6b82ec9359c9eee50b1ba5083baee965af5",
    "https://deno.land/x/seed@1.0.0/index.ts": "c1a656ad944010516e8b95324d93627ea1766b523ca9d4f841319b2066fa8495",
    "https://deno.land/x/seed@1.0.0/prngs.ts": "d999a383736eca2b7966dd245cd38b29e4440156e9e33d2248e581193dd62e42",
    "https://deno.land/x/seed@1.0.0/utils.ts": "0a9f0f13bfd6016cb07ac7b830d2f0550113fba8b1d07e19dced7a9250c44bd5",
    "https://esm.sh/alea@1.0.1": "abbef9b958d203ce020b3c0993eb1f08d1c6a498eae4561de56cc585c8b113c2",
    "https://esm.sh/glob-to-regexp@0.4.1": "2b622b3f92dc89a0d9ba07a19714da5224d8f49101775f7e269f059e10e74b80",
    "https://esm.sh/graphql@16.5.0/graphql": "e59bf370089df194cea5da58afd7989b66246bc49520735bfb4ea5e2ae0270e2",
    "https://esm.sh/graphql@16.6.0": "6cc158603ea7164e9657c71abb13ad831ae103304305a965721ed253b2874d6e",
    "https://esm.sh/hash.js@1.1.7": "031daa1bdba38965491d119e0725a536ed1fa043876bfeec84e4b2baf6f1a77f",
    "https://esm.sh/v119/@types/glob-to-regexp@0.4.1/index.d.ts": "6641c2b78d9840aa19cb6e82fd4f079e1862eda27a0f7994865ca27125608245",
    "https://esm.sh/v119/alea@1.0.1/deno/alea.mjs": "53e10d8bee68c069bec8c932d972ad0e8254baaf1bce57b2042c079e69e74cd6",
    "https://esm.sh/v119/glob-to-regexp@0.4.1/deno/glob-to-regexp.mjs": "ed9e3f9437c650e0ec024d47de881242640d2d93f66f5ddaf65e2a673aa3f293",
    "https://esm.sh/v119/graphql@16.5.0/deno/error/GraphQLError.js": "5ce3b891fb7bfa2e57f5df34d383f7970e9e314935ba44749d72a4d1c7f8be55",
    "https://esm.sh/v119/graphql@16.5.0/deno/error/locatedError.js": "a87256f289301161b3183ad0b6eed45b3cc778616f5dc63a52ac5f11363ee61c",
    "https://esm.sh/v119/graphql@16.5.0/deno/error/syntaxError.js": "11343c4f6ae68d84f7873c13a3d0810c1695aa1de8de62997597a83495248731",
    "https://esm.sh/v119/graphql@16.5.0/deno/execution/collectFields.js": "128460eeda4c607eaf1ddf28eaa15c9a4565c566d8bdf95724d3425b728fcd7b",
    "https://esm.sh/v119/graphql@16.5.0/deno/execution/execute.js": "5399b84b11cbe45404dc836aeadc60e7bf9ae1a96b057bd06b8efe970dcee29a",
    "https://esm.sh/v119/graphql@16.5.0/deno/execution/values.js": "4b523d5494da37e632ac57fdee62a3e5b8affd63bec1b75af332385b0c76958f",
    "https://esm.sh/v119/graphql@16.5.0/deno/graphql.js": "1c1d99c9373e0f3c48479f3da1669dd7d326ed305b706261fd2f5d423a5c101e",
    "https://esm.sh/v119/graphql@16.5.0/deno/jsutils/Path.js": "f5717075b1135e45c52706953f1a83faff4add75f80d19302b9eed155fa8fa5d",
    "https://esm.sh/v119/graphql@16.5.0/deno/jsutils/devAssert.js": "68484e4f69fc44e2e7e1bc3d729c6fa1cfbcf877ddddd14fcd8d5a83247845b7",
    "https://esm.sh/v119/graphql@16.5.0/deno/jsutils/didYouMean.js": "2bcc3f520728802cd9f031ceb444216f54486be5379ed431565f8093ed3ebafe",
    "https://esm.sh/v119/graphql@16.5.0/deno/jsutils/groupBy.js": "e3193a5d705feb4d18b279eb471f0b155ce9e20841ae0ef08589b5e19651ba64",
    "https://esm.sh/v119/graphql@16.5.0/deno/jsutils/identityFunc.js": "714232067235cb32f2cabd3062d0e5fe2d6f9d9fd88c44bfc297a699c7d4390a",
    "https://esm.sh/v119/graphql@16.5.0/deno/jsutils/inspect.js": "1d33022e32dd5c06a28bc8efc3a04233015a5e571c748b7f3a41bab9108e41d0",
    "https://esm.sh/v119/graphql@16.5.0/deno/jsutils/instanceOf.js": "449a67b53589c132bbf7742e78558ff91d91b87f70b347efe253478def83d913",
    "https://esm.sh/v119/graphql@16.5.0/deno/jsutils/invariant.js": "b3c22408cb707a461fbac74a33211c595c0b798ccc392c7722105ff518ef3743",
    "https://esm.sh/v119/graphql@16.5.0/deno/jsutils/isIterableObject.js": "9bf9a16ef50c20bc48c606b442ac4f022ded9c93fba980edc1d8797bf5a52d6c",
    "https://esm.sh/v119/graphql@16.5.0/deno/jsutils/isObjectLike.js": "e2738b2c63fd22516e4e3ae616dd21937bea23e263ee6f9b94b51a9aa8c90290",
    "https://esm.sh/v119/graphql@16.5.0/deno/jsutils/isPromise.js": "741a4b4616f9768729a372cc2bb92468182575b33a461182ce23291fbc28aad5",
    "https://esm.sh/v119/graphql@16.5.0/deno/jsutils/keyMap.js": "14107bc42953ff295f2894a8204125b27225ac822c9391603274ac2cc9df172b",
    "https://esm.sh/v119/graphql@16.5.0/deno/jsutils/keyValMap.js": "224b3c86ce3c156cf008adf9b23e1a9cb75fcd0f110a2d2fb42b6cd87b6f051b",
    "https://esm.sh/v119/graphql@16.5.0/deno/jsutils/mapValue.js": "8637ef5d652766aae91edad97e29818ba9f2032216b8c7708168291ff5f57f2b",
    "https://esm.sh/v119/graphql@16.5.0/deno/jsutils/memoize3.js": "1eef9a94f83c9fe3a4358180f3861f8b345c5408614ecba23759490410c75154",
    "https://esm.sh/v119/graphql@16.5.0/deno/jsutils/naturalCompare.js": "bbc42df72507e0411047172faf1888db7f45762e39b80d5b69d2b2523d749e60",
    "https://esm.sh/v119/graphql@16.5.0/deno/jsutils/printPathArray.js": "6c6b23d26b87e1ab9598c7ceb080a0ec4865513dd3c6b2a5945b3ab9eab30a6e",
    "https://esm.sh/v119/graphql@16.5.0/deno/jsutils/promiseForObject.js": "cc478d52513680635841822b9a7920807bf346eaab689a34562086702c232733",
    "https://esm.sh/v119/graphql@16.5.0/deno/jsutils/promiseReduce.js": "c4e68b79139533ff59ddeaa8837b9aa04134966529ccb93611632ea17a87536f",
    "https://esm.sh/v119/graphql@16.5.0/deno/jsutils/suggestionList.js": "14372051e75aee328e76fe6c744a6fed4fc84c55e22b478b4f22dc3334e3c1c4",
    "https://esm.sh/v119/graphql@16.5.0/deno/jsutils/toError.js": "79ad0353a5a20a063e63385b463f97d23e0c426607573aacc765461206333c95",
    "https://esm.sh/v119/graphql@16.5.0/deno/jsutils/toObjMap.js": "ede9850afec6c36f7495b6bf08eefa3bdf30d1148abef0c807cab7a24b359572",
    "https://esm.sh/v119/graphql@16.5.0/deno/language/ast.js": "2ba18991499ee8cc6ca6a3c3ed1d4a89da2c96f8f2b1695fd71e60ec95651cc7",
    "https://esm.sh/v119/graphql@16.5.0/deno/language/blockString.js": "ff67a8e213bd2e76386893fc9daec81367425aace4b7cee97aa136823e5dc6f2",
    "https://esm.sh/v119/graphql@16.5.0/deno/language/characterClasses.js": "dfa6e7a3533b4b7ededb913165565fe8152706c166418029b8eb0f1eed7586ee",
    "https://esm.sh/v119/graphql@16.5.0/deno/language/directiveLocation.js": "56f566f37d09351f73f32080c0d5cd1f6a703bbdf6fed27b435840c9b4030eae",
    "https://esm.sh/v119/graphql@16.5.0/deno/language/kinds.js": "1c254a1ff6113b82dbf210e4de91e974f531a63c90a3a813f3f12c3d47583390",
    "https://esm.sh/v119/graphql@16.5.0/deno/language/lexer.js": "2ef0cea8e2a31f05ac0cdfdb3d591718173b614ee17dda87fbb19385b29e1ace",
    "https://esm.sh/v119/graphql@16.5.0/deno/language/location.js": "1fbbe2ab8aee81e19372f18cbf51d4ce7b6a1b86c31aa8eb7ec862c5b6219870",
    "https://esm.sh/v119/graphql@16.5.0/deno/language/parser.js": "cab72059954f4763e5cc3bb60e3fbdd4b1a33deb75aa52e97f8f955c8a9ed62e",
    "https://esm.sh/v119/graphql@16.5.0/deno/language/predicates.js": "d5fa80211a5650bb3d6c3ca9fc13508d2b87a5d95c5258e269fa410d887e423e",
    "https://esm.sh/v119/graphql@16.5.0/deno/language/printLocation.js": "474883347e1e93efc382deda023727a784b7014ca85c85b96db3702bfcc041e1",
    "https://esm.sh/v119/graphql@16.5.0/deno/language/printString.js": "9d3d80eee0627c6af5efe17863c816af9d1dcfb3e4bc69caab77a61bdc38babf",
    "https://esm.sh/v119/graphql@16.5.0/deno/language/printer.js": "542741960098365e7437ecc3de7d45a121591ed138d78d8639d802ce1b13c07f",
    "https://esm.sh/v119/graphql@16.5.0/deno/language/source.js": "47900dbc80c1057a6060f8b50240180c89ab4932c5c8b3c58f71a202692f541c",
    "https://esm.sh/v119/graphql@16.5.0/deno/language/tokenKind.js": "12384c4669a80213712f9547c8961688b5c87e3b0fb50ebb2dd13a4a0f1ab432",
    "https://esm.sh/v119/graphql@16.5.0/deno/language/visitor.js": "0b10a0aee056115fc671e34548e7c707c509595f08f8b04375a42c7278084db6",
    "https://esm.sh/v119/graphql@16.5.0/deno/type/assertName.js": "ee26613a6e5ef8ce51c3f64687f5ddd3a616f27ceaef08026309c8a7689698ff",
    "https://esm.sh/v119/graphql@16.5.0/deno/type/definition.js": "ea46c93aec94a138b2ab329e72d1f3cc8972d80547d358a956dd8bafa49660c2",
    "https://esm.sh/v119/graphql@16.5.0/deno/type/directives.js": "7b7b7f69b6677b9e5e052eff0ed8abf51c466661591aa77c408d7fa64ce6bb0b",
    "https://esm.sh/v119/graphql@16.5.0/deno/type/introspection.js": "92c217f014e4205a5516a5e851ddf97ab78badb49c8f2e492bf82aabb6d66552",
    "https://esm.sh/v119/graphql@16.5.0/deno/type/scalars.js": "39ee2574144ef3802c1412d2e0298feed9b46384d4e41ff9b4ca2bf810894d8e",
    "https://esm.sh/v119/graphql@16.5.0/deno/type/schema.js": "3472d3080ee982018d25e38028f97e64f9209f8a20f7f41824613d518c3bbd02",
    "https://esm.sh/v119/graphql@16.5.0/deno/type/validate.js": "57819f9c9d51c56ccf1c6ffc169f44ac4452f4b43420612241d1e87c97424f95",
    "https://esm.sh/v119/graphql@16.5.0/deno/utilities/TypeInfo.js": "0a1636c1edb62c712da0482fceee7523b69814caf21a3b77e524353887186992",
    "https://esm.sh/v119/graphql@16.5.0/deno/utilities/astFromValue.js": "9b0e6441b952c9eeca6021f3ae632c7d7867c847083bf1be06d0362567863ff9",
    "https://esm.sh/v119/graphql@16.5.0/deno/utilities/coerceInputValue.js": "8e78a2bff7d72fefebfe04382132d332f55826d6442897755f627e86db3ecf6e",
    "https://esm.sh/v119/graphql@16.5.0/deno/utilities/sortValueNode.js": "8b96461743c9393f7a7898b0074ceb6979645addad48bf6aa015b07aeaeb6cbb",
    "https://esm.sh/v119/graphql@16.5.0/deno/utilities/typeComparators.js": "1d7329c5c7cd9bf94fd82482d740e4165d9e3f17133cad451344ecf58a6acbac",
    "https://esm.sh/v119/graphql@16.5.0/deno/utilities/typeFromAST.js": "3ce10a07fb325bacc6170e409febcfc7fc633279838ecce6f6ba99ec86435edb",
    "https://esm.sh/v119/graphql@16.5.0/deno/utilities/valueFromAST.js": "16a73e68a11074e4dd12257981c9dd2710b5484d488648a0be5daa3942e535e3",
    "https://esm.sh/v119/graphql@16.5.0/deno/utilities/valueFromASTUntyped.js": "e0f1440acaede1ad6fe63e82c879068af241c5a59bbcf2e593631ac98c85694f",
    "https://esm.sh/v119/graphql@16.5.0/deno/validation/ValidationContext.js": "67b9947a1d843fcd45c663efeb8da190bf24113b38232121af51ac0af37230f4",
    "https://esm.sh/v119/graphql@16.5.0/deno/validation/rules/ExecutableDefinitionsRule.js": "53093ee937e8fee357216bea1d56465035fb5be1d2f246b31ed8e2e1064f8194",
    "https://esm.sh/v119/graphql@16.5.0/deno/validation/rules/FieldsOnCorrectTypeRule.js": "9a57aab40a29c94dfa027a412f599472c472c90d08d6a152e92aeb46ca9993b2",
    "https://esm.sh/v119/graphql@16.5.0/deno/validation/rules/FragmentsOnCompositeTypesRule.js": "73a5cd290020650397d7fd95fe1cc7984387958d86a8d53dd4dfc45a6d4739a4",
    "https://esm.sh/v119/graphql@16.5.0/deno/validation/rules/KnownArgumentNamesRule.js": "5f685a38c46ce8734fe172c4b5b3d9fccc6495f259cf418c354397c5e4713d05",
    "https://esm.sh/v119/graphql@16.5.0/deno/validation/rules/KnownDirectivesRule.js": "e75357d5fd3079d8608f3ba84ce473bfd3991f4ebd8877aa7b0c32ebc1b05c10",
    "https://esm.sh/v119/graphql@16.5.0/deno/validation/rules/KnownFragmentNamesRule.js": "4246327d3834d5b454b82e7517abd48507ce77df51dcf9fe34fd42c48e2cd245",
    "https://esm.sh/v119/graphql@16.5.0/deno/validation/rules/KnownTypeNamesRule.js": "0c096d79c0b7f295d5cb3ae42992d1bf6126269d333cfa46c41d461b8572df6d",
    "https://esm.sh/v119/graphql@16.5.0/deno/validation/rules/LoneAnonymousOperationRule.js": "618ce701549f1a17dab0ffa36926c788167296c2e82306a6782417eb93d1af52",
    "https://esm.sh/v119/graphql@16.5.0/deno/validation/rules/LoneSchemaDefinitionRule.js": "dbbce697b81ada6293773788bd2a70a834f877befd0f4889dc800f6ba3972240",
    "https://esm.sh/v119/graphql@16.5.0/deno/validation/rules/NoFragmentCyclesRule.js": "8681d93b4150b1958291427e832f27c506d04144920fabc75bbc6513ff5c2414",
    "https://esm.sh/v119/graphql@16.5.0/deno/validation/rules/NoUndefinedVariablesRule.js": "820d6414bcb241037e1fad7ad48559d11f5443330a9ed7326b107f0a317bd8b1",
    "https://esm.sh/v119/graphql@16.5.0/deno/validation/rules/NoUnusedFragmentsRule.js": "698c232a2be05671fb6cff25b1e19875e456907872475e8d3e5401d5ba5b21f0",
    "https://esm.sh/v119/graphql@16.5.0/deno/validation/rules/NoUnusedVariablesRule.js": "5938dcd1049556fd80ccddd277ce743d76d9d8f8828b4d93836f8d4d5707e8ac",
    "https://esm.sh/v119/graphql@16.5.0/deno/validation/rules/OverlappingFieldsCanBeMergedRule.js": "2372e3d8446aa5ca0bb83d0717a75614405e345ea39fbb13423c9908111dae33",
    "https://esm.sh/v119/graphql@16.5.0/deno/validation/rules/PossibleFragmentSpreadsRule.js": "1cc05dfa09a6d9104f3cae7b32ac1c4d8f60a5e4bd9e01d3fa9281bc3a95cbb0",
    "https://esm.sh/v119/graphql@16.5.0/deno/validation/rules/PossibleTypeExtensionsRule.js": "a9b750bee3d980d58c76e8651eed3cd38ca4f17f0e38e1f8adced8819704d992",
    "https://esm.sh/v119/graphql@16.5.0/deno/validation/rules/ProvidedRequiredArgumentsRule.js": "570c4c733b3c4692b3d1770c69473e78760e695020e622b45371c6ee7543ad36",
    "https://esm.sh/v119/graphql@16.5.0/deno/validation/rules/ScalarLeafsRule.js": "2d60566dda5fd9a6315888051ad3b287cffb80af84f076ee8c7e50a16606160e",
    "https://esm.sh/v119/graphql@16.5.0/deno/validation/rules/SingleFieldSubscriptionsRule.js": "c419478ef155788cae785b1aa4c82d961addd5cac5e49ba95be60efb0d0e1bd9",
    "https://esm.sh/v119/graphql@16.5.0/deno/validation/rules/UniqueArgumentDefinitionNamesRule.js": "df77d882fb3b87fa349606b00208ac3645d66cc44d984bcab6c739314a078496",
    "https://esm.sh/v119/graphql@16.5.0/deno/validation/rules/UniqueArgumentNamesRule.js": "e367eaeefbb7693fbda488e0c5e7c88c1cfe8b85809397d80437b8c37756a281",
    "https://esm.sh/v119/graphql@16.5.0/deno/validation/rules/UniqueDirectiveNamesRule.js": "683f1fc771a424f7713598a913ad6539f8594e08a61f22702d55cd5e06ef4aa9",
    "https://esm.sh/v119/graphql@16.5.0/deno/validation/rules/UniqueDirectivesPerLocationRule.js": "885798932ecf9e6bae4e7fcef5dc65d075f47368f44af93b80ce11ba2bb0d8ac",
    "https://esm.sh/v119/graphql@16.5.0/deno/validation/rules/UniqueEnumValueNamesRule.js": "9603a89d65f227bb142c8a5c8cfada9368c5b895f5902ec1a4a6c8bb1c5aeb44",
    "https://esm.sh/v119/graphql@16.5.0/deno/validation/rules/UniqueFieldDefinitionNamesRule.js": "bb6d83ad780504bfebfbedcca11fa26bf41efaad5a90ae298480674811d2fa97",
    "https://esm.sh/v119/graphql@16.5.0/deno/validation/rules/UniqueFragmentNamesRule.js": "8f0a159e3637324876c126d9d39e6cf08b746a653f34371f5d67a62d7205af99",
    "https://esm.sh/v119/graphql@16.5.0/deno/validation/rules/UniqueInputFieldNamesRule.js": "1e15e15550f1fb26287a2a752b5bc933de6e5f300090d18f420f792d72d0ede1",
    "https://esm.sh/v119/graphql@16.5.0/deno/validation/rules/UniqueOperationNamesRule.js": "2bfc69d9ce3bb32e1e8b212bec5e2bc9a089c4fc3023397ce4088d9644e8852d",
    "https://esm.sh/v119/graphql@16.5.0/deno/validation/rules/UniqueOperationTypesRule.js": "f3e12f6f0ae52b4e665ab9603abdc6b3d7d9629041a87be5aa20cab3bff4edf2",
    "https://esm.sh/v119/graphql@16.5.0/deno/validation/rules/UniqueTypeNamesRule.js": "13efc3cc098a71f7c702703e59736ed7f9b954c73db13eee06293a60dc85cc29",
    "https://esm.sh/v119/graphql@16.5.0/deno/validation/rules/UniqueVariableNamesRule.js": "32d500127db98299e9efa0257e6959d7a78b0ae2690588a5f5ccbc2aab10b0f7",
    "https://esm.sh/v119/graphql@16.5.0/deno/validation/rules/ValuesOfCorrectTypeRule.js": "35b5962dc8f2da4aaaeee40988a5c1d0f63d6cc6364c6a3f83d3a7a86cad7aaf",
    "https://esm.sh/v119/graphql@16.5.0/deno/validation/rules/VariablesAreInputTypesRule.js": "703cb25cb0d1c7c2158cd52673d34e653648d4bef6036b5f28ce6a9d2f88741b",
    "https://esm.sh/v119/graphql@16.5.0/deno/validation/rules/VariablesInAllowedPositionRule.js": "253cc34f8d02047ab80ecbc8f07cc7d75e78043b8809e6b6f6f15bcb002dd618",
    "https://esm.sh/v119/graphql@16.5.0/deno/validation/specifiedRules.js": "5680505a22a8b5f56f7aca445b3a1e7341466e4f861d6a22a12dd8301539fb95",
    "https://esm.sh/v119/graphql@16.5.0/deno/validation/validate.js": "0c3d87335e62ac3b55df06c4f09f096372c6bcd905fac7d00796cc216861bd1b",
    "https://esm.sh/v119/graphql@16.5.0/error/GraphQLError.d.ts": "e159a655d3f485425c0b36d3708b53fb7b8455d56d17f634f5ac0c5a5b815ecf",
    "https://esm.sh/v119/graphql@16.5.0/execution/execute.d.ts": "1c92b5c17a4e4649251e30adf66aa197338001f3536114454cdd69d5eacab312",
    "https://esm.sh/v119/graphql@16.5.0/graphql": "e59bf370089df194cea5da58afd7989b66246bc49520735bfb4ea5e2ae0270e2",
    "https://esm.sh/v119/graphql@16.5.0/graphql.d.ts": "ff31dcf3082db50c7f17ff648a9d643ef51e11ee2f39ae42197e9a394f86397b",
    "https://esm.sh/v119/graphql@16.5.0/jsutils/Maybe.d.ts": "0804044cd0488cb7212ddbc1d0f8e1a5bd32970335dbfc613052304a1b0318f9",
    "https://esm.sh/v119/graphql@16.5.0/jsutils/ObjMap.d.ts": "85084ae98c1d319e38ef99b1216d3372a9afd7a368022c01c3351b339d52cb58",
    "https://esm.sh/v119/graphql@16.5.0/jsutils/Path.d.ts": "04825c22d0c91a56dc4311b003d822d12e5b79738309812dc3e27a1e637a8deb",
    "https://esm.sh/v119/graphql@16.5.0/jsutils/PromiseOrValue.d.ts": "692345a43bac37c507fa7065c554258435ab821bbe4fb44b513a70063e932b45",
    "https://esm.sh/v119/graphql@16.5.0/language/ast.d.ts": "714a4ed9bfb44309e8fe8719509f21466d91ab485a256b7d98aabe16856c744b",
    "https://esm.sh/v119/graphql@16.5.0/language/directiveLocation.d.ts": "7920b8aa27a7b6a90bf9f5dc21eedac7f38ca8717ebe70495ab616eb52b3247b",
    "https://esm.sh/v119/graphql@16.5.0/language/kinds.d.ts": "f473be7c909dbd10c40f013e70da40f24648b2abb01025436fe0a0eecd0e83be",
    "https://esm.sh/v119/graphql@16.5.0/language/location.d.ts": "ffbafb3cf8c8e4b3c1b4641cfa1baae87c5b4dc31b3fed0a7a0d05dbc57e76cc",
    "https://esm.sh/v119/graphql@16.5.0/language/source.d.ts": "b725acb041d2a18fde8f46c48a1408418489c4aa222f559b1ef47bf267cb4be0",
    "https://esm.sh/v119/graphql@16.5.0/language/tokenKind.d.ts": "c98583f02275727ead0256c97298c15fb77a1c1e473b03c3b61291c63c66d385",
    "https://esm.sh/v119/graphql@16.5.0/type/definition.d.ts": "fa119fee8bb68f72f594d140d7ac6197f01876dc97cbffa997b8d7c8130ca2af",
    "https://esm.sh/v119/graphql@16.5.0/type/directives.d.ts": "23c2cd1bfcf77e553473abcfb680f4bd07d13724fdac32fffd8456b5e91ffc92",
    "https://esm.sh/v119/graphql@16.5.0/type/schema.d.ts": "e20e9dc6352b6f3a2c9a8ed9c32e64c4c21169304f143a1d45d03cdcec63a9d3",
    "https://esm.sh/v119/graphql@16.6.0/deno/graphql.mjs": "5e54f46af6c52828f03aa13f12c0647d1848cd1a98de636e3c31b6b24f21a768",
    "https://esm.sh/v119/graphql@16.6.0/error/GraphQLError.d.ts": "e159a655d3f485425c0b36d3708b53fb7b8455d56d17f634f5ac0c5a5b815ecf",
    "https://esm.sh/v119/graphql@16.6.0/error/index.d.ts": "1a01eb6f84f3504a0b670315329b98f5f9b61611d4ee7b361814200df392eca3",
    "https://esm.sh/v119/graphql@16.6.0/error/locatedError.d.ts": "b3ade7da9ad22c24c27df44efc111e867d99463d917604c7a77960f70193ad74",
    "https://esm.sh/v119/graphql@16.6.0/error/syntaxError.d.ts": "066436cecb56b4b8804d0f026e1571a5dfc493fd8a659022c68bfd23d7521aae",
    "https://esm.sh/v119/graphql@16.6.0/execution/execute.d.ts": "1c92b5c17a4e4649251e30adf66aa197338001f3536114454cdd69d5eacab312",
    "https://esm.sh/v119/graphql@16.6.0/execution/index.d.ts": "a55365732f05ba33ff616a42455c3ab3a298d0a6985660b7a3c110b43c14adea",
    "https://esm.sh/v119/graphql@16.6.0/execution/subscribe.d.ts": "7157bc34ca12dfe18e5d0bba4457974d3eed5f1500c3a2272ea38e5f167edf84",
    "https://esm.sh/v119/graphql@16.6.0/execution/values.d.ts": "2f20a447381ffa39718f945164b568afb88fcbc2833c6e7bb5bf6047e126a1ea",
    "https://esm.sh/v119/graphql@16.6.0/graphql.d.ts": "ff31dcf3082db50c7f17ff648a9d643ef51e11ee2f39ae42197e9a394f86397b",
    "https://esm.sh/v119/graphql@16.6.0/index.d.ts": "cb6fa55717e3b1113291bc4a29a9a25a01b90f5870b6fb65a33acadbdda54dda",
    "https://esm.sh/v119/graphql@16.6.0/jsutils/Maybe.d.ts": "0804044cd0488cb7212ddbc1d0f8e1a5bd32970335dbfc613052304a1b0318f9",
    "https://esm.sh/v119/graphql@16.6.0/jsutils/ObjMap.d.ts": "85084ae98c1d319e38ef99b1216d3372a9afd7a368022c01c3351b339d52cb58",
    "https://esm.sh/v119/graphql@16.6.0/jsutils/Path.d.ts": "04825c22d0c91a56dc4311b003d822d12e5b79738309812dc3e27a1e637a8deb",
    "https://esm.sh/v119/graphql@16.6.0/jsutils/PromiseOrValue.d.ts": "692345a43bac37c507fa7065c554258435ab821bbe4fb44b513a70063e932b45",
    "https://esm.sh/v119/graphql@16.6.0/language/ast.d.ts": "c0de0da50d66fc80f5547b0216b21fb14fa3a0268ee9f23c41e1e3b8e793ab5e",
    "https://esm.sh/v119/graphql@16.6.0/language/directiveLocation.d.ts": "de21641eb8edcbc08dd0db4ee70eea907cd07fe72267340b5571c92647f10a77",
    "https://esm.sh/v119/graphql@16.6.0/language/index.d.ts": "a4d5ef68f7f3689b289cb4599eb76fe00451e92aa7bd1077e48f1414584ded9e",
    "https://esm.sh/v119/graphql@16.6.0/language/kinds.d.ts": "cddd50d7bd9d7fddda91a576db9f61655d1a55e2d870f154485812f6e39d4c15",
    "https://esm.sh/v119/graphql@16.6.0/language/lexer.d.ts": "8d327131db69a9cc4d01e3473d842b6a81e4dc4715a279a859653811294932aa",
    "https://esm.sh/v119/graphql@16.6.0/language/location.d.ts": "ffbafb3cf8c8e4b3c1b4641cfa1baae87c5b4dc31b3fed0a7a0d05dbc57e76cc",
    "https://esm.sh/v119/graphql@16.6.0/language/parser.d.ts": "4169aa26c69995385813dd3ee5c6c736d9fb690dc58c5b88dcef398dd11d38ac",
    "https://esm.sh/v119/graphql@16.6.0/language/predicates.d.ts": "5ba295c85c52a4684099e49666f3e4f79b58a3864382d05df2d9114707aeebb4",
    "https://esm.sh/v119/graphql@16.6.0/language/printLocation.d.ts": "138c4e6156194af1d8b636a9fa9b186f37e4859d34145005efeec880017306f1",
    "https://esm.sh/v119/graphql@16.6.0/language/printer.d.ts": "9b3109d918ed04878463d75d466fecf531d6116d0e67f24f40d4534108e20b0d",
    "https://esm.sh/v119/graphql@16.6.0/language/source.d.ts": "b725acb041d2a18fde8f46c48a1408418489c4aa222f559b1ef47bf267cb4be0",
    "https://esm.sh/v119/graphql@16.6.0/language/tokenKind.d.ts": "0539583b089247b73a21eb4a5f7e43208a129df6300d6b829dc1039b79b6c8c4",
    "https://esm.sh/v119/graphql@16.6.0/language/visitor.d.ts": "eb8528e4f841d4140f8cba3b14cdd5818b1762dba169e7b34bed388e86d6472f",
    "https://esm.sh/v119/graphql@16.6.0/subscription/index.d.ts": "84983e86669718e816659194b9ba6027450c27a4639c5a594469a65b2f954320",
    "https://esm.sh/v119/graphql@16.6.0/type/assertName.d.ts": "93551b302a808f226f0846ad8012354f2d53d6dedc33b540d6ca69836781a574",
    "https://esm.sh/v119/graphql@16.6.0/type/definition.d.ts": "fa119fee8bb68f72f594d140d7ac6197f01876dc97cbffa997b8d7c8130ca2af",
    "https://esm.sh/v119/graphql@16.6.0/type/directives.d.ts": "23c2cd1bfcf77e553473abcfb680f4bd07d13724fdac32fffd8456b5e91ffc92",
    "https://esm.sh/v119/graphql@16.6.0/type/index.d.ts": "d755a8b8126be4f2897ff960acbbb8e9d296477c87d0995eb183944ba35be390",
    "https://esm.sh/v119/graphql@16.6.0/type/introspection.d.ts": "07f55b346cc584b7f60257203fe50d26eb88f609f76a4e890a1a36b7e8734d6c",
    "https://esm.sh/v119/graphql@16.6.0/type/scalars.d.ts": "252d65207e62ea620ed3d029d01432b6c33089600a9243e1dc416bd98bf17cd0",
    "https://esm.sh/v119/graphql@16.6.0/type/schema.d.ts": "e20e9dc6352b6f3a2c9a8ed9c32e64c4c21169304f143a1d45d03cdcec63a9d3",
    "https://esm.sh/v119/graphql@16.6.0/type/validate.d.ts": "b8f483899f4839f1e114835758de5e873de74ef5eeb0eb58fbc26a517f641e67",
    "https://esm.sh/v119/graphql@16.6.0/utilities/TypeInfo.d.ts": "b03c27aa5f09538bea6c6560b96871de11b8d039b960ebed18cd614fbadd8142",
    "https://esm.sh/v119/graphql@16.6.0/utilities/assertValidName.d.ts": "a04cddbcc7c0fb9bffaebcead4d8a8bcdd7cf85ed6a81e1182f62f8b7943604f",
    "https://esm.sh/v119/graphql@16.6.0/utilities/astFromValue.d.ts": "15d2318d24385a537ffb7a40b96d7e7d0911fd6a9e1e583ffe3dd4e8228af179",
    "https://esm.sh/v119/graphql@16.6.0/utilities/buildASTSchema.d.ts": "ad11a2133d50f9465e9fcb6f3f3e588aeb7e3304b9f8bd70e762d6fc7a47ccf3",
    "https://esm.sh/v119/graphql@16.6.0/utilities/buildClientSchema.d.ts": "d995470b2818ec46d05ee07a7b281da57965f97f89b94674f4302cf55b97c35e",
    "https://esm.sh/v119/graphql@16.6.0/utilities/coerceInputValue.d.ts": "4335cc780470cc8d6c3f4d2605b9cbdce5b0f0a55d83e1e819298a3e3127cf2d",
    "https://esm.sh/v119/graphql@16.6.0/utilities/concatAST.d.ts": "3c0c5717e388beb392ef2dea8e05f205567359a142450649b7824bf5d24cc268",
    "https://esm.sh/v119/graphql@16.6.0/utilities/extendSchema.d.ts": "b20bfaa02b7a07613671ac97e7e039686b753bb1f3a1dd858040e48d2aa3dc0d",
    "https://esm.sh/v119/graphql@16.6.0/utilities/findBreakingChanges.d.ts": "625759a187b8bb49ae45b267cfe4247645a81622ac21ec4a11505296a69e4639",
    "https://esm.sh/v119/graphql@16.6.0/utilities/getIntrospectionQuery.d.ts": "6c221c8e1f1558589d9b10af54b33271902549d19f55903d8016aa9bb2cfd21e",
    "https://esm.sh/v119/graphql@16.6.0/utilities/getOperationAST.d.ts": "e9e5e409afe16dcc5c77dcad421f9d7b9cf5d306c40eb3fc6d16de3608d7e8dd",
    "https://esm.sh/v119/graphql@16.6.0/utilities/getOperationRootType.d.ts": "394faab9d5e96aa7ca7ae0d1aa8f6631f30b3953c6d103dc60c5e6f399d64d1a",
    "https://esm.sh/v119/graphql@16.6.0/utilities/index.d.ts": "8d17bdce4f6418e849dc36acb526b58616e09a1ca9ae0ff80b19215de5d34a3a",
    "https://esm.sh/v119/graphql@16.6.0/utilities/introspectionFromSchema.d.ts": "026e29e1fdb15c90101e6fc2d0de9c9359f00bed11f59e99dc4f24f27e1a6998",
    "https://esm.sh/v119/graphql@16.6.0/utilities/lexicographicSortSchema.d.ts": "feba0aea7626ea869b66e92c4ebdbe4eebb5ed835ea4bad1560d9cca794fb7aa",
    "https://esm.sh/v119/graphql@16.6.0/utilities/printSchema.d.ts": "b68ade7170ed28e70e60d79daf8481d5c7dc9edc32ef8c701d8eddaa3ce7966d",
    "https://esm.sh/v119/graphql@16.6.0/utilities/separateOperations.d.ts": "f35b4afc17d4f89c4c002e439e5a2158e48607a0e5ec3e0ee3ac24dff16e1e45",
    "https://esm.sh/v119/graphql@16.6.0/utilities/stripIgnoredCharacters.d.ts": "85a10f6044c31c62614926e641224fc517b9f81387480d752aa38ab7144ee65a",
    "https://esm.sh/v119/graphql@16.6.0/utilities/typeComparators.d.ts": "9e5c2253b16fbf40e6ca5e8d1c6296f2fc78b9ef39d6d26b426023b5a46ca413",
    "https://esm.sh/v119/graphql@16.6.0/utilities/typeFromAST.d.ts": "e962d436a30ccbc5d0ec78f1353a9bfdff70dd37be2d78826d170db680a01ab9",
    "https://esm.sh/v119/graphql@16.6.0/utilities/typedQueryDocumentNode.d.ts": "20822a47f9603f6cf1afcb8d03877e7e6df31e35e23512c342da483ae96cdc73",
    "https://esm.sh/v119/graphql@16.6.0/utilities/valueFromAST.d.ts": "d6f0ecc5e81dc587c12ce13b8fabe4cae34e2d48b9e110f870ef0b1da750c56e",
    "https://esm.sh/v119/graphql@16.6.0/utilities/valueFromASTUntyped.d.ts": "1dc2a364d7a9d01551943328d6eb1290fc58cb6752175dfa03b4643f9afd5749",
    "https://esm.sh/v119/graphql@16.6.0/validation/ValidationContext.d.ts": "df3d7794e19fe25a99a059c24a21add7bac20603ced76427d75954c59aa08539",
    "https://esm.sh/v119/graphql@16.6.0/validation/index.d.ts": "fb30d5013548d8523c93e0690e9d22f8bb9860a3642b321540415141a51b55b6",
    "https://esm.sh/v119/graphql@16.6.0/validation/rules/ExecutableDefinitionsRule.d.ts": "8454a6c5b1acda7b347481d7b2af01be949ad11911c4275e1eee715e71c1188f",
    "https://esm.sh/v119/graphql@16.6.0/validation/rules/FieldsOnCorrectTypeRule.d.ts": "c32bf36b240ae9755ac069eda92a3d14dc278e03fd3df427b201ac378be9caf6",
    "https://esm.sh/v119/graphql@16.6.0/validation/rules/FragmentsOnCompositeTypesRule.d.ts": "909c18363f4e5bc40a330ede0ca2ddeddd02b2f35570a34566be91de2b188bae",
    "https://esm.sh/v119/graphql@16.6.0/validation/rules/KnownArgumentNamesRule.d.ts": "69bdeaf020f698af81bee7cbb23a42b7028c252cf364803887ed6eb66897f18a",
    "https://esm.sh/v119/graphql@16.6.0/validation/rules/KnownDirectivesRule.d.ts": "2881fd9456e4140dccae964730d81fd39786fc69b95f8d318f50554acaef3a23",
    "https://esm.sh/v119/graphql@16.6.0/validation/rules/KnownFragmentNamesRule.d.ts": "63e4f51e7bf7239b37f7b4a787aea5a3c1ef907f3704b356e7979cbfae8e9815",
    "https://esm.sh/v119/graphql@16.6.0/validation/rules/KnownTypeNamesRule.d.ts": "2c0e2b1d1490ec2e959629fcb8d527068c8ddf46a741f40ceb83e7819a3954fb",
    "https://esm.sh/v119/graphql@16.6.0/validation/rules/LoneAnonymousOperationRule.d.ts": "105c4808216162b62e9b61b45d473cbaa6325387d15912fda0cd61909336eaf6",
    "https://esm.sh/v119/graphql@16.6.0/validation/rules/LoneSchemaDefinitionRule.d.ts": "120b67b53313e30df5cf33143d9e30952d107c7e24bc156c97a733832bb31627",
    "https://esm.sh/v119/graphql@16.6.0/validation/rules/NoFragmentCyclesRule.d.ts": "3beec9071b14808974fe3be17da00631ea71078cf909a17f6a255f8ba650585d",
    "https://esm.sh/v119/graphql@16.6.0/validation/rules/NoUndefinedVariablesRule.d.ts": "4d7b5f2d27c2d34426ed35823366c152313d431f5ae68189d427439906defa45",
    "https://esm.sh/v119/graphql@16.6.0/validation/rules/NoUnusedFragmentsRule.d.ts": "48a8e4453a82be99c93772c044992a94f5241d89e35cf3ecce00b036fbb69970",
    "https://esm.sh/v119/graphql@16.6.0/validation/rules/NoUnusedVariablesRule.d.ts": "3fe2527b2426e54f2b514e375c6beccd2196949c38c082f35f9634bd5c973d79",
    "https://esm.sh/v119/graphql@16.6.0/validation/rules/OverlappingFieldsCanBeMergedRule.d.ts": "767df82d75672cb6fde6fd1829e0ac01f5be22afc2bc211b42df325020aa0e1e",
    "https://esm.sh/v119/graphql@16.6.0/validation/rules/PossibleFragmentSpreadsRule.d.ts": "5a3eb51ee4c5f2e160d0042dad4ad68d7d174451234702681f1b3be89f167c6a",
    "https://esm.sh/v119/graphql@16.6.0/validation/rules/PossibleTypeExtensionsRule.d.ts": "5e04fa03b9c0f229d8719b56b3edaea30183d9469e9beb5e2eadf7b4d1e0e070",
    "https://esm.sh/v119/graphql@16.6.0/validation/rules/ProvidedRequiredArgumentsRule.d.ts": "58830083d772c62f2da1124b5395fe22d7baa6e0c52760665d10d1320ecdc1d0",
    "https://esm.sh/v119/graphql@16.6.0/validation/rules/ScalarLeafsRule.d.ts": "5310c224710108ffe0f20a1936f68f8c0bd8494d58a7472b2e64032dabb02ff0",
    "https://esm.sh/v119/graphql@16.6.0/validation/rules/SingleFieldSubscriptionsRule.d.ts": "c415e18b205b9c6b8b638e033a1840ffe2c853aad276c625ef40e0a93cb13777",
    "https://esm.sh/v119/graphql@16.6.0/validation/rules/UniqueArgumentDefinitionNamesRule.d.ts": "9cfe1d2a22ab3373008c4facb0e93249c339a022771f9e7148ae8bf746dec306",
    "https://esm.sh/v119/graphql@16.6.0/validation/rules/UniqueArgumentNamesRule.d.ts": "937d36e6fa5e556db03bfc8b7dae2b4084615a3a04fe7bf33c42a9e58cbfe9b1",
    "https://esm.sh/v119/graphql@16.6.0/validation/rules/UniqueDirectiveNamesRule.d.ts": "480f2231f3b4fdba191bc41bcbac419cc52cbbe7254565acc4765b7341178e02",
    "https://esm.sh/v119/graphql@16.6.0/validation/rules/UniqueDirectivesPerLocationRule.d.ts": "8d2ee0da940569765e14aec5643e36fbf704588e8877caa7f4e013be390953b3",
    "https://esm.sh/v119/graphql@16.6.0/validation/rules/UniqueEnumValueNamesRule.d.ts": "ea836d0d64bdcd40863cbaea81fcd27ef2ce25edec199a83566ab8b047adc1cc",
    "https://esm.sh/v119/graphql@16.6.0/validation/rules/UniqueFieldDefinitionNamesRule.d.ts": "1d7799efeba0bcda4b60c69527fb5fd883e3b08cd8a3ff699775954e71e67544",
    "https://esm.sh/v119/graphql@16.6.0/validation/rules/UniqueFragmentNamesRule.d.ts": "f34d55fefbf5d2e8aac8618c0946bda11f9a8c0e0fcd229e0fd23cf333be6b82",
    "https://esm.sh/v119/graphql@16.6.0/validation/rules/UniqueInputFieldNamesRule.d.ts": "77893d504d2dfa4b23da4b782db7be1c87ce0e5bf95b4eee94f99069f5d95149",
    "https://esm.sh/v119/graphql@16.6.0/validation/rules/UniqueOperationNamesRule.d.ts": "7b06a1fbcf59b1e813f4d3ec927577509d1af72fc0992d8b2a8d8d8b1d130f1f",
    "https://esm.sh/v119/graphql@16.6.0/validation/rules/UniqueOperationTypesRule.d.ts": "3b8697a7966e75183c04fb51d52719e8b034862a348c410c959fab67b58186d9",
    "https://esm.sh/v119/graphql@16.6.0/validation/rules/UniqueTypeNamesRule.d.ts": "6d3d34e4b3395dfa9f172765adf8bf43b9f6f5322b964ec259a3f8f08fc34377",
    "https://esm.sh/v119/graphql@16.6.0/validation/rules/UniqueVariableNamesRule.d.ts": "4949aa45d8935bb490af56a3ad22e949c025acf3e3048f92ab7d7f1b6bbe9b79",
    "https://esm.sh/v119/graphql@16.6.0/validation/rules/ValuesOfCorrectTypeRule.d.ts": "4661484bcd29ba1bdc1594d78b680c67d2c7272c543875cc00fa2b266f792944",
    "https://esm.sh/v119/graphql@16.6.0/validation/rules/VariablesAreInputTypesRule.d.ts": "6cf690ecc80ba6ee80295fa603f8784d1d350e5aff714d3395a2a6a01dd95a1d",
    "https://esm.sh/v119/graphql@16.6.0/validation/rules/VariablesInAllowedPositionRule.d.ts": "687e163caf5f10a4be9d741f9cc44b6250e4d2a7be1ce1850dc8ee4fc99c2cd3",
    "https://esm.sh/v119/graphql@16.6.0/validation/rules/custom/NoDeprecatedCustomRule.d.ts": "0976e4bdd8240761f0d9d2fc8508c5c4ca8471da20c146f6f60ea3a3564f536f",
    "https://esm.sh/v119/graphql@16.6.0/validation/rules/custom/NoSchemaIntrospectionCustomRule.d.ts": "2908b5c5454ee19dd83d8993f3189d1428b2954de59a8d672df7e6a8e22e09cb",
    "https://esm.sh/v119/graphql@16.6.0/validation/specifiedRules.d.ts": "077f1d6f6e2ab604af4a0d963e8469c6b7fae98a5b9febbba0e31e75f9b820b5",
    "https://esm.sh/v119/graphql@16.6.0/validation/validate.d.ts": "507246f5474832222d374254f1d802a620e8abca0bf83db425f4585356d5be87",
    "https://esm.sh/v119/graphql@16.6.0/version.d.ts": "78647004e18e4c16b8a2e8345fca9267573d1c5a29e11ddfee71858fd077ef6e",
    "https://esm.sh/v119/hash.js@1.1.7/deno/hash.mjs": "9e26dc2c77ad182ad42b422fc6eba6837ba12dd6244ddbd2f4bd289eebaf5697",
    "https://esm.sh/v119/hash.js@1.1.7/lib/hash.d.ts": "9153bf4422d44bd97214c99f0a5b0f414b4e7ee57c26dd6c2939e7e8cf170e4f",
    "https://esm.sh/v119/inherits@2.0.4/deno/inherits.mjs": "b1b4bf6d4d407dd1d2493f74699fdcc9ea2d2910999787dfa5512f0200c20e37",
    "https://esm.sh/v119/minimalistic-assert@1.0.1/deno/minimalistic-assert.mjs": "99fb143faa40acee6a2b798dcd65250578f9581a5d1aef398544896c0ad067d5"
  }
}
