{
  "version": "5",
  "specifiers": {
    "jsr:@libs/xml@*": "7.0.3",
    "jsr:@luca/esbuild-deno-loader@0.11.0": "0.11.0",
    "jsr:@std/bytes@^1.0.2": "1.0.6",
    "jsr:@std/encoding@^1.0.5": "1.0.10",
    "jsr:@std/internal@^1.0.12": "1.0.12",
    "jsr:@std/path@^1.0.6": "1.1.4",
    "npm:preact@10.18.2": "10.18.2"
  },
  "jsr": {
    "@libs/xml@7.0.3": {
      "integrity": "4caad75dfec0a4dd4ad5dc87dc559d9aa25ac53f17373923a9cd006f6c8d42e6"
    },
    "@luca/esbuild-deno-loader@0.11.0": {
      "integrity": "c05a989aa7c4ee6992a27be5f15cfc5be12834cab7ff84cabb47313737c51a2c",
      "dependencies": [
        "jsr:@std/bytes",
        "jsr:@std/encoding",
        "jsr:@std/path"
      ]
    },
    "@std/bytes@1.0.6": {
      "integrity": "f6ac6adbd8ccd99314045f5703e23af0a68d7f7e58364b47d2c7f408aeb5820a"
    },
    "@std/encoding@1.0.10": {
      "integrity": "8783c6384a2d13abd5e9e87a7ae0520a30e9f56aeeaa3bdf910a3eaaf5c811a1"
    },
    "@std/internal@1.0.12": {
      "integrity": "972a634fd5bc34b242024402972cd5143eac68d8dffaca5eaa4dba30ce17b027"
    },
    "@std/path@1.1.4": {
      "integrity": "1d2d43f39efb1b42f0b1882a25486647cb851481862dc7313390b2bb044314b5",
      "dependencies": [
        "jsr:@std/internal"
      ]
    }
  },
  "npm": {
    "preact@10.18.2": {
      "integrity": "sha512-X/K43vocUHDg0XhWVmTTMbec4LT/iBMh+csCEqJk+pJqegaXsvjdqN80ZZ3L+93azWCnWCZ+WGwYb8SplxeNjA=="
    }
  },
  "redirects": {
    "https://esm.sh/@types/babel__helper-validator-identifier@~7.15.2/index.d.ts": "https://esm.sh/@types/babel__helper-validator-identifier@7.15.2/index.d.ts",
    "https://esm.sh/@types/he@~1.2.3/index.d.ts": "https://esm.sh/@types/he@1.2.3/index.d.ts",
    "https://esm.sh/@types/marked@~4.0.8/index.d.mts": "https://esm.sh/@types/marked@4.0.8/index.d.mts",
    "https://esm.sh/@types/parse-srcset@~1.0.0/index.d.ts": "https://esm.sh/@types/parse-srcset@1.0.0/index.d.ts",
    "https://esm.sh/@types/prismjs@~1.26.5/index.d.ts": "https://esm.sh/@types/prismjs@1.26.6/index.d.ts",
    "https://esm.sh/@types/sanitize-html@~2.16.0/index.d.ts": "https://esm.sh/@types/sanitize-html@2.16.0/index.d.ts",
    "https://esm.sh/deepmerge@^4.2.2?target=denonext": "https://esm.sh/deepmerge@4.3.1?target=denonext",
    "https://esm.sh/dom-serializer@^1.0.1?target=denonext": "https://esm.sh/dom-serializer@1.4.1?target=denonext",
    "https://esm.sh/domelementtype@^2.0.1?target=denonext": "https://esm.sh/domelementtype@2.3.0?target=denonext",
    "https://esm.sh/domelementtype@^2.2.0?target=denonext": "https://esm.sh/domelementtype@2.3.0?target=denonext",
    "https://esm.sh/domhandler@^4.0.0?target=denonext": "https://esm.sh/domhandler@4.3.1?target=denonext",
    "https://esm.sh/domhandler@^4.2.0?target=denonext": "https://esm.sh/domhandler@4.3.1?target=denonext",
    "https://esm.sh/domutils@^2.5.2?target=denonext": "https://esm.sh/domutils@2.8.0?target=denonext",
    "https://esm.sh/entities@^2.0.0/lib/decode_codepoint?target=denonext": "https://esm.sh/entities@2.2.0/lib/decode_codepoint?target=denonext",
    "https://esm.sh/entities@^2.0.0/lib/maps/entities.json?module": "https://esm.sh/entities@2.2.0/lib/maps/entities.json?module",
    "https://esm.sh/entities@^2.0.0/lib/maps/legacy.json?module": "https://esm.sh/entities@2.2.0/lib/maps/legacy.json?module",
    "https://esm.sh/entities@^2.0.0/lib/maps/xml.json?module": "https://esm.sh/entities@2.2.0/lib/maps/xml.json?module",
    "https://esm.sh/entities@^2.0.0?target=denonext": "https://esm.sh/entities@2.2.0?target=denonext",
    "https://esm.sh/escape-string-regexp@^4.0.0?target=denonext": "https://esm.sh/escape-string-regexp@4.0.0?target=denonext",
    "https://esm.sh/htmlparser2@^6.0.0?target=denonext": "https://esm.sh/htmlparser2@6.1.0?target=denonext",
    "https://esm.sh/nanoid@^3.3.11/non-secure?target=denonext": "https://esm.sh/nanoid@3.3.11/non-secure?target=denonext",
    "https://esm.sh/parse-srcset@^1.0.2?target=denonext": "https://esm.sh/parse-srcset@1.0.2?target=denonext",
    "https://esm.sh/picocolors@^1.1.1?target=denonext": "https://esm.sh/picocolors@1.1.1?target=denonext",
    "https://esm.sh/postcss@^8.3.11?target=denonext": "https://esm.sh/postcss@8.5.8?target=denonext",
    "https://esm.sh/source-map-js@^1.2.1?target=denonext": "https://esm.sh/source-map-js@1.2.1?target=denonext",
    "https://esm.sh/style-vendorizer@^2.0.0?target=denonext": "https://esm.sh/style-vendorizer@2.2.3?target=denonext"
  },
  "remote": {
    "https://deno.land/std@0.167.0/_util/asserts.ts": "d0844e9b62510f89ce1f9878b046f6a57bf88f208a10304aab50efcb48365272",
    "https://deno.land/std@0.167.0/bytes/bytes_list.ts": "aba5e2369e77d426b10af1de0dcc4531acecec27f9b9056f4f7bfbf8ac147ab4",
    "https://deno.land/std@0.167.0/bytes/concat.ts": "97a1274e117510ffffc9499c4debb9541e408732bab2e0ca624869ae13103c10",
    "https://deno.land/std@0.167.0/bytes/copy.ts": "d14a58f188a997ee0d2ba696d0c82a42f4fb4b6705e90a4238b77d7644dae24c",
    "https://deno.land/std@0.167.0/encoding/_yaml/dumper/dumper.ts": "5bd334372608a1aec7a2343705930889d4048f57a2c4d398f1d6d75996ecd0d3",
    "https://deno.land/std@0.167.0/encoding/_yaml/dumper/dumper_state.ts": "3c1bc8519c1832f0f136856881b97f0b42f64b7968767dbc36b8b0b6cae963dc",
    "https://deno.land/std@0.167.0/encoding/_yaml/error.ts": "6ca899f6d86c6979bce6d7c3a6a8e2a360b09d8b0f55d2e649bd1233604fb7c9",
    "https://deno.land/std@0.167.0/encoding/_yaml/loader/loader.ts": "db200890459e9490b21d8ce657d9566327e1d1d20ed493393a1f04a51516436c",
    "https://deno.land/std@0.167.0/encoding/_yaml/loader/loader_state.ts": "59124e56d864274ce4043dca8bf63e937c6e960e4ad120465e424b38f3469b2d",
    "https://deno.land/std@0.167.0/encoding/_yaml/mark.ts": "7f67f43755b2602fefe52012eb3ab627880da97edd0f6c00f916ceb2ddb1b5d1",
    "https://deno.land/std@0.167.0/encoding/_yaml/parse.ts": "f0c9b19957b78003e268cea886451d9eb5a71645308c1e64db05efb669ffb114",
    "https://deno.land/std@0.167.0/encoding/_yaml/schema.ts": "db295ea6079fce9c38f4ee2ff1233c65db598b35b379551e445b558534b2e1fd",
    "https://deno.land/std@0.167.0/encoding/_yaml/schema/core.ts": "bcb47a389d596369fbfccf73a6b221ac3ca5440149b4f6df1e707f2efc6854ef",
    "https://deno.land/std@0.167.0/encoding/_yaml/schema/default.ts": "8b6bd9cb1cab07a3397e1cc3843edba6ad40d1bd15687c1f56cd977da834d984",
    "https://deno.land/std@0.167.0/encoding/_yaml/schema/extended.ts": "e8b8976bcfda4c339709fba75787168fbc780458e52b9729386284d33f57e21a",
    "https://deno.land/std@0.167.0/encoding/_yaml/schema/failsafe.ts": "7254a9ca0dff8f30377098622812e55c4535aaf352fecb4ec51939e596bd74e7",
    "https://deno.land/std@0.167.0/encoding/_yaml/schema/json.ts": "2205d0d3d3377de56f92ac0f4a82bf561ea0d7b86eb195c9f0c32c7c7871d78f",
    "https://deno.land/std@0.167.0/encoding/_yaml/schema/mod.ts": "6769df6082aceee9849f71168f4353ba4f92e4a2a5a429a422debac13a593d4e",
    "https://deno.land/std@0.167.0/encoding/_yaml/state.ts": "374b8dc170417beccb364e543b25eef73576196f4a526836bb3a621b87a204a3",
    "https://deno.land/std@0.167.0/encoding/_yaml/stringify.ts": "ec15035c1928f96f4e42c0a0e9f3082512e294fd6b8ff6a0403a3ee9282f69aa",
    "https://deno.land/std@0.167.0/encoding/_yaml/type.ts": "95ad0cdbab49343b1527ebc7762c477726c34702438375be6781b44e03e9fcfc",
    "https://deno.land/std@0.167.0/encoding/_yaml/type/binary.ts": "8ae1bdeebe090133b1d1e1ef8427d5ea03f8b6f8944bd2eca578c81330700b0a",
    "https://deno.land/std@0.167.0/encoding/_yaml/type/bool.ts": "95c030531adc3d66a59979dc25c2fcdeb1f58ae40a91d6f9e9a537af0fd2b5a4",
    "https://deno.land/std@0.167.0/encoding/_yaml/type/float.ts": "60e26783fd0e4472bd222e028323ff68e0c5ff37a9871298c676335d8574cf87",
    "https://deno.land/std@0.167.0/encoding/_yaml/type/function.ts": "b5642dda5ef8d47c0325a2b89a022cbce3be45ba21f8c4f9202364d967c6b3e5",
    "https://deno.land/std@0.167.0/encoding/_yaml/type/int.ts": "166cdd73d9473373e0e65e9f65d5fd8e96cbd303b58535e2ff2e049bb73dbefb",
    "https://deno.land/std@0.167.0/encoding/_yaml/type/map.ts": "78bf5447d2e3f79d59bf7cb63a76ca7797854a0d8e2154c6fd35775c4e5c8c61",
    "https://deno.land/std@0.167.0/encoding/_yaml/type/merge.ts": "094b272e6087c6aef39cd9617fa6603ec934e507faad6c276d293e2734f9b083",
    "https://deno.land/std@0.167.0/encoding/_yaml/type/mod.ts": "b2f267dc0b0296cf8f6109aa129e2cf6d1e1f8c59f8903f0330c18749eca2d3c",
    "https://deno.land/std@0.167.0/encoding/_yaml/type/nil.ts": "1988843acab56e99e883cd047c40cc7fb799b6d335f541f022ae3b914abcbe35",
    "https://deno.land/std@0.167.0/encoding/_yaml/type/omap.ts": "fd3f2f9a8ae634996da84d021353ac8bf4b41e714f2711159d756d0e2f3aabd1",
    "https://deno.land/std@0.167.0/encoding/_yaml/type/pairs.ts": "90736f87b6e39a144205a235d8851f7bebf6bb3835fd03742c30253d5ecd7ec5",
    "https://deno.land/std@0.167.0/encoding/_yaml/type/regexp.ts": "a9e70491fa7ede8689b933d81142aa7635a253733a4df626bd479c55cb64222e",
    "https://deno.land/std@0.167.0/encoding/_yaml/type/seq.ts": "135f37a1b6dcb3688bc0dad0c9dc3a04370b1fc94267960586ea23877ffd3088",
    "https://deno.land/std@0.167.0/encoding/_yaml/type/set.ts": "2937ac0e1ce8c121a4009e74568e341e2a380fdb5f41f16050ce2ca7537b2bd8",
    "https://deno.land/std@0.167.0/encoding/_yaml/type/str.ts": "6420d3a0099d9fbc35861241b7dad65b800ff3909efe71ab71c895326187ab8d",
    "https://deno.land/std@0.167.0/encoding/_yaml/type/timestamp.ts": "3db0667dd9bdc3b3f0e8596fff023e87bc9fca230a545bb67d0bf3b732c1c656",
    "https://deno.land/std@0.167.0/encoding/_yaml/type/undefined.ts": "5b595082d064cf50a3345f5fdda8c02beb0768e9d97d4bd4c53ac81a9f94e185",
    "https://deno.land/std@0.167.0/encoding/_yaml/utils.ts": "c7e6bf055b08fffe700c7cbdfa2939cab7b9676ff75b6dc98d72d41b3b173d37",
    "https://deno.land/std@0.167.0/encoding/front_matter.ts": "4a7f83e25abe93924bcab1c68d045b2ade6000a31444382afe301ae327a6a97e",
    "https://deno.land/std@0.167.0/encoding/front_matter/mod.ts": "dc0cd2a64e3b3dddb8ef111ae904c2486f15cc530f7528e5655cfecd660d9fc5",
    "https://deno.land/std@0.167.0/encoding/front_matter/yaml.ts": "f25495af2ff59b58b2ca9fce5d1637f26f185e2921c3eb0c97db35ee674e689c",
    "https://deno.land/std@0.167.0/encoding/yaml.ts": "42baa442cb37a7e1f5d1aa5256ba988d139fe7bb2940151d8ed689be0ea67ce9",
    "https://deno.land/std@0.167.0/io/buffer.ts": "9d6f555ded12960bd5a44f57291a82270cca0a77bde6cadd1384a03a86bf876a",
    "https://deno.land/std@0.216.0/assert/_constants.ts": "a271e8ef5a573f1df8e822a6eb9d09df064ad66a4390f21b3e31f820a38e0975",
    "https://deno.land/std@0.216.0/assert/_diff.ts": "dcc63d94ca289aec80644030cf88ccbf7acaa6fbd7b0f22add93616b36593840",
    "https://deno.land/std@0.216.0/assert/_format.ts": "0ba808961bf678437fb486b56405b6fefad2cf87b5809667c781ddee8c32aff4",
    "https://deno.land/std@0.216.0/assert/assert.ts": "bec068b2fccdd434c138a555b19a2c2393b71dfaada02b7d568a01541e67cdc5",
    "https://deno.land/std@0.216.0/assert/assert_almost_equals.ts": "8b96b7385cc117668b0720115eb6ee73d04c9bcb2f5d2344d674918c9113688f",
    "https://deno.land/std@0.216.0/assert/assert_array_includes.ts": "1688d76317fd45b7e93ef9e2765f112fdf2b7c9821016cdfb380b9445374aed1",
    "https://deno.land/std@0.216.0/assert/assert_equals.ts": "4497c56fe7d2993b0d447926702802fc0becb44e319079e8eca39b482ee01b4e",
    "https://deno.land/std@0.216.0/assert/assert_exists.ts": "24a7bf965e634f909242cd09fbaf38bde6b791128ece08e33ab08586a7cc55c9",
    "https://deno.land/std@0.216.0/assert/assert_false.ts": "6f382568e5128c0f855e5f7dbda8624c1ed9af4fcc33ef4a9afeeedcdce99769",
    "https://deno.land/std@0.216.0/assert/assert_greater.ts": "4945cf5729f1a38874d7e589e0fe5cc5cd5abe5573ca2ddca9d3791aa891856c",
    "https://deno.land/std@0.216.0/assert/assert_greater_or_equal.ts": "573ed8823283b8d94b7443eb69a849a3c369a8eb9666b2d1db50c33763a5d219",
    "https://deno.land/std@0.216.0/assert/assert_instance_of.ts": "72dc1faff1e248692d873c89382fa1579dd7b53b56d52f37f9874a75b11ba444",
    "https://deno.land/std@0.216.0/assert/assert_is_error.ts": "6596f2b5ba89ba2fe9b074f75e9318cda97a2381e59d476812e30077fbdb6ed2",
    "https://deno.land/std@0.216.0/assert/assert_less.ts": "2b4b3fe7910f65f7be52212f19c3977ecb8ba5b2d6d0a296c83cde42920bb005",
    "https://deno.land/std@0.216.0/assert/assert_less_or_equal.ts": "b93d212fe669fbde959e35b3437ac9a4468f2e6b77377e7b6ea2cfdd825d38a0",
    "https://deno.land/std@0.216.0/assert/assert_match.ts": "ec2d9680ed3e7b9746ec57ec923a17eef6d476202f339ad91d22277d7f1d16e1",
    "https://deno.land/std@0.216.0/assert/assert_not_equals.ts": "ac86413ab70ffb14fdfc41740ba579a983fe355ba0ce4a9ab685e6b8e7f6a250",
    "https://deno.land/std@0.216.0/assert/assert_not_instance_of.ts": "8f720d92d83775c40b2542a8d76c60c2d4aeddaf8713c8d11df8984af2604931",
    "https://deno.land/std@0.216.0/assert/assert_not_match.ts": "b4b7c77f146963e2b673c1ce4846473703409eb93f5ab0eb60f6e6f8aeffe39f",
    "https://deno.land/std@0.216.0/assert/assert_not_strict_equals.ts": "da0b8ab60a45d5a9371088378e5313f624799470c3b54c76e8b8abeec40a77be",
    "https://deno.land/std@0.216.0/assert/assert_object_match.ts": "e85e5eef62a56ce364c3afdd27978ccab979288a3e772e6855c270a7b118fa49",
    "https://deno.land/std@0.216.0/assert/assert_rejects.ts": "e9e0c8d9c3e164c7ac962c37b3be50577c5a2010db107ed272c4c1afb1269f54",
    "https://deno.land/std@0.216.0/assert/assert_strict_equals.ts": "0425a98f70badccb151644c902384c12771a93e65f8ff610244b8147b03a2366",
    "https://deno.land/std@0.216.0/assert/assert_string_includes.ts": "dfb072a890167146f8e5bdd6fde887ce4657098e9f71f12716ef37f35fb6f4a7",
    "https://deno.land/std@0.216.0/assert/assert_throws.ts": "edddd86b39606c342164b49ad88dd39a26e72a26655e07545d172f164b617fa7",
    "https://deno.land/std@0.216.0/assert/assertion_error.ts": "9f689a101ee586c4ce92f52fa7ddd362e86434ffdf1f848e45987dc7689976b8",
    "https://deno.land/std@0.216.0/assert/equal.ts": "fae5e8a52a11d3ac694bbe1a53e13a7969e3f60791262312e91a3e741ae519e2",
    "https://deno.land/std@0.216.0/assert/fail.ts": "f310e51992bac8e54f5fd8e44d098638434b2edb802383690e0d7a9be1979f1c",
    "https://deno.land/std@0.216.0/assert/mod.ts": "325df8c0683ad83a873b9691aa66b812d6275fc9fec0b2d180ac68a2c5efed3b",
    "https://deno.land/std@0.216.0/assert/unimplemented.ts": "47ca67d1c6dc53abd0bd729b71a31e0825fc452dbcd4fde4ca06789d5644e7fd",
    "https://deno.land/std@0.216.0/assert/unreachable.ts": "38cfecb95d8b06906022d2f9474794fca4161a994f83354fd079cac9032b5145",
    "https://deno.land/std@0.216.0/async/delay.ts": "8e1d18fe8b28ff95885e2bc54eccec1713f57f756053576d8228e6ca110793ad",
    "https://deno.land/std@0.216.0/encoding/_util.ts": "beacef316c1255da9bc8e95afb1fa56ed69baef919c88dc06ae6cb7a6103d376",
    "https://deno.land/std@0.216.0/encoding/hex.ts": "4d47d3b25103cf81a2ed38f54b394d39a77b63338e1eaa04b70c614cb45ec2e6",
    "https://deno.land/std@0.216.0/fmt/colors.ts": "d239d84620b921ea520125d778947881f62c50e78deef2657073840b8af9559a",
    "https://deno.land/std@0.216.0/fs/_create_walk_entry.ts": "5d9d2aaec05bcf09a06748b1684224d33eba7a4de24cf4cf5599991ca6b5b412",
    "https://deno.land/std@0.216.0/fs/_get_file_info_type.ts": "da7bec18a7661dba360a1db475b826b18977582ce6fc9b25f3d4ee0403fe8cbd",
    "https://deno.land/std@0.216.0/fs/_to_path_string.ts": "29bfc9c6c112254961d75cbf6ba814d6de5349767818eb93090cecfa9665591e",
    "https://deno.land/std@0.216.0/fs/ensure_dir.ts": "dffff68de0d10799b5aa9e39dec4e327e12bbd29e762292193684542648c4aeb",
    "https://deno.land/std@0.216.0/fs/ensure_file.ts": "ac5cfde94786b0284d2c8e9f7f9425269bea1b2140612b4aea1f20b508870f59",
    "https://deno.land/std@0.216.0/fs/walk.ts": "78e1d01a9f75715614bf8d6e58bd77d9fafb1222c41194e607cd3849d7a0e771",
    "https://deno.land/std@0.216.0/http/server.ts": "6dce295abc169d0956ae00432441331b3425afad4d79e8b3475739be2f04d614",
    "https://deno.land/std@0.216.0/http/status.ts": "ed61b4882af2514a81aefd3245e8df4c47b9a8e54929a903577643d2d1ebf514",
    "https://deno.land/std@0.216.0/json/common.ts": "33f1a4f39a45e2f9f357823fd0b5cf88b63fb4784b8c9a28f8120f70a20b23e9",
    "https://deno.land/std@0.216.0/jsonc/mod.ts": "82722888823e1af5a8f7918bf810ea581f68081064d529218533acad6cb7c2bc",
    "https://deno.land/std@0.216.0/jsonc/parse.ts": "747a0753289fdbfcb9cb86b709b56348c98abc107fbb0a7f350b87af4425a76a",
    "https://deno.land/std@0.216.0/media_types/_db.ts": "1d695d9fe1c785e523d6de7191b33f33ecc7866db77358a4f966221cca56e2f9",
    "https://deno.land/std@0.216.0/media_types/_util.ts": "afd54920a8a81add64248897898d3f30ca414a8803fe0c4e6d2893a3f6bd32b0",
    "https://deno.land/std@0.216.0/media_types/content_type.ts": "ed3f2e1f243b418ad3f441edc95fd92efbadb0f9bde36219c7564c67f9639513",
    "https://deno.land/std@0.216.0/media_types/format_media_type.ts": "ffef4718afa2489530cb94021bb865a466eb02037609f7e82899c017959d288a",
    "https://deno.land/std@0.216.0/media_types/get_charset.ts": "bce5c0343c14590516cbfa1a3e80891d9a7a53bc9b4a9010061cc4f879e18f6c",
    "https://deno.land/std@0.216.0/media_types/parse_media_type.ts": "487f000a38c230ccbac25420a50f600862e06796d0eee19d19631b9e84ee9654",
    "https://deno.land/std@0.216.0/media_types/type_by_extension.ts": "bf4e3f5d6b58b624d5daa01cbb8b1e86d9939940a77e7c26e796a075b60ec73b",
    "https://deno.land/std@0.216.0/media_types/vendor/mime-db.v1.52.0.ts": "0218d2c7d900e8cd6fa4a866e0c387712af4af9a1bae55d6b2546c73d273a1e6",
    "https://deno.land/std@0.216.0/path/_common/assert_path.ts": "2ca275f36ac1788b2acb60fb2b79cb06027198bc2ba6fb7e163efaedde98c297",
    "https://deno.land/std@0.216.0/path/_common/basename.ts": "569744855bc8445f3a56087fd2aed56bdad39da971a8d92b138c9913aecc5fa2",
    "https://deno.land/std@0.216.0/path/_common/common.ts": "6157c7ec1f4db2b4a9a187efd6ce76dcaf1e61cfd49f87e40d4ea102818df031",
    "https://deno.land/std@0.216.0/path/_common/constants.ts": "dc5f8057159f4b48cd304eb3027e42f1148cf4df1fb4240774d3492b5d12ac0c",
    "https://deno.land/std@0.216.0/path/_common/dirname.ts": "684df4aa71a04bbcc346c692c8485594fc8a90b9408dfbc26ff32cf3e0c98cc8",
    "https://deno.land/std@0.216.0/path/_common/format.ts": "92500e91ea5de21c97f5fe91e178bae62af524b72d5fcd246d6d60ae4bcada8b",
    "https://deno.land/std@0.216.0/path/_common/from_file_url.ts": "d672bdeebc11bf80e99bf266f886c70963107bdd31134c4e249eef51133ceccf",
    "https://deno.land/std@0.216.0/path/_common/glob_to_reg_exp.ts": "2007aa87bed6eb2c8ae8381adcc3125027543d9ec347713c1ad2c68427330770",
    "https://deno.land/std@0.216.0/path/_common/normalize.ts": "684df4aa71a04bbcc346c692c8485594fc8a90b9408dfbc26ff32cf3e0c98cc8",
    "https://deno.land/std@0.216.0/path/_common/normalize_string.ts": "dfdf657a1b1a7db7999f7c575ee7e6b0551d9c20f19486c6c3f5ff428384c965",
    "https://deno.land/std@0.216.0/path/_common/relative.ts": "faa2753d9b32320ed4ada0733261e3357c186e5705678d9dd08b97527deae607",
    "https://deno.land/std@0.216.0/path/_common/strip_trailing_separators.ts": "7024a93447efcdcfeaa9339a98fa63ef9d53de363f1fbe9858970f1bba02655a",
    "https://deno.land/std@0.216.0/path/_common/to_file_url.ts": "7f76adbc83ece1bba173e6e98a27c647712cab773d3f8cbe0398b74afc817883",
    "https://deno.land/std@0.216.0/path/_interface.ts": "a1419fcf45c0ceb8acdccc94394e3e94f99e18cfd32d509aab514c8841799600",
    "https://deno.land/std@0.216.0/path/_os.ts": "8fb9b90fb6b753bd8c77cfd8a33c2ff6c5f5bc185f50de8ca4ac6a05710b2c15",
    "https://deno.land/std@0.216.0/path/basename.ts": "5d341aadb7ada266e2280561692c165771d071c98746fcb66da928870cd47668",
    "https://deno.land/std@0.216.0/path/common.ts": "03e52e22882402c986fe97ca3b5bb4263c2aa811c515ce84584b23bac4cc2643",
    "https://deno.land/std@0.216.0/path/constants.ts": "0c206169ca104938ede9da48ac952de288f23343304a1c3cb6ec7625e7325f36",
    "https://deno.land/std@0.216.0/path/dirname.ts": "85bd955bf31d62c9aafdd7ff561c4b5fb587d11a9a5a45e2b01aedffa4238a7c",
    "https://deno.land/std@0.216.0/path/extname.ts": "593303db8ae8c865cbd9ceec6e55d4b9ac5410c1e276bfd3131916591b954441",
    "https://deno.land/std@0.216.0/path/format.ts": "98fad25f1af7b96a48efb5b67378fcc8ed77be895df8b9c733b86411632162af",
    "https://deno.land/std@0.216.0/path/from_file_url.ts": "911833ae4fd10a1c84f6271f36151ab785955849117dc48c6e43b929504ee069",
    "https://deno.land/std@0.216.0/path/glob_to_regexp.ts": "5e51f78a0248c75464bf1d49173de3ec2c032880a530578e56b3fed2a57e69d3",
    "https://deno.land/std@0.216.0/path/is_absolute.ts": "4791afc8bfd0c87f0526eaa616b0d16e7b3ab6a65b62942e50eac68de4ef67d7",
    "https://deno.land/std@0.216.0/path/is_glob.ts": "a65f6195d3058c3050ab905705891b412ff942a292bcbaa1a807a74439a14141",
    "https://deno.land/std@0.216.0/path/join.ts": "ae2ec5ca44c7e84a235fd532e4a0116bfb1f2368b394db1c4fb75e3c0f26a33a",
    "https://deno.land/std@0.216.0/path/join_globs.ts": "5b3bf248b93247194f94fa6947b612ab9d3abd571ca8386cf7789038545e54a0",
    "https://deno.land/std@0.216.0/path/mod.ts": "6f856db94f6a72fc2cf69e0a85eb523aee6a3cd274470717e96f4bee0c9fe329",
    "https://deno.land/std@0.216.0/path/normalize.ts": "4155743ccceeed319b350c1e62e931600272fad8ad00c417b91df093867a8352",
    "https://deno.land/std@0.216.0/path/normalize_glob.ts": "cc89a77a7d3b1d01053b9dcd59462b75482b11e9068ae6c754b5cf5d794b374f",
    "https://deno.land/std@0.216.0/path/parse.ts": "65e8e285f1a63b714e19ef24b68f56e76934c3df0b6e65fd440d3991f4f8aefb",
    "https://deno.land/std@0.216.0/path/posix/_util.ts": "1e3937da30f080bfc99fe45d7ed23c47dd8585c5e473b2d771380d3a6937cf9d",
    "https://deno.land/std@0.216.0/path/posix/basename.ts": "39ee27a29f1f35935d3603ccf01d53f3d6e0c5d4d0f84421e65bd1afeff42843",
    "https://deno.land/std@0.216.0/path/posix/common.ts": "26f60ccc8b2cac3e1613000c23ac5a7d392715d479e5be413473a37903a2b5d4",
    "https://deno.land/std@0.216.0/path/posix/constants.ts": "93481efb98cdffa4c719c22a0182b994e5a6aed3047e1962f6c2c75b7592bef1",
    "https://deno.land/std@0.216.0/path/posix/dirname.ts": "6535d2bdd566118963537b9dda8867ba9e2a361015540dc91f5afbb65c0cce8b",
    "https://deno.land/std@0.216.0/path/posix/extname.ts": "8d36ae0082063c5e1191639699e6f77d3acf501600a3d87b74943f0ae5327427",
    "https://deno.land/std@0.216.0/path/posix/format.ts": "185e9ee2091a42dd39e2a3b8e4925370ee8407572cee1ae52838aed96310c5c1",
    "https://deno.land/std@0.216.0/path/posix/from_file_url.ts": "951aee3a2c46fd0ed488899d024c6352b59154c70552e90885ed0c2ab699bc40",
    "https://deno.land/std@0.216.0/path/posix/glob_to_regexp.ts": "54d3ff40f309e3732ab6e5b19d7111d2d415248bcd35b67a99defcbc1972e697",
    "https://deno.land/std@0.216.0/path/posix/is_absolute.ts": "cebe561ad0ae294f0ce0365a1879dcfca8abd872821519b4fcc8d8967f888ede",
    "https://deno.land/std@0.216.0/path/posix/is_glob.ts": "8a8b08c08bf731acf2c1232218f1f45a11131bc01de81e5f803450a5914434b9",
    "https://deno.land/std@0.216.0/path/posix/join.ts": "aef88d5fa3650f7516730865dbb951594d1a955b785e2450dbee93b8e32694f3",
    "https://deno.land/std@0.216.0/path/posix/join_globs.ts": "f6e2619c196b82d8fd67ba2cf680e5b44461f38bdfeec26d7b3f55bd92a85988",
    "https://deno.land/std@0.216.0/path/posix/mod.ts": "2301fc1c54a28b349e20656f68a85f75befa0ee9b6cd75bfac3da5aca9c3f604",
    "https://deno.land/std@0.216.0/path/posix/normalize.ts": "baeb49816a8299f90a0237d214cef46f00ba3e95c0d2ceb74205a6a584b58a91",
    "https://deno.land/std@0.216.0/path/posix/normalize_glob.ts": "41b477068deb832df7f51d6e2b3c0bc274d20919e20c5240d785ba535572d3d0",
    "https://deno.land/std@0.216.0/path/posix/parse.ts": "d5bac4eb21262ab168eead7e2196cb862940c84cee572eafedd12a0d34adc8fb",
    "https://deno.land/std@0.216.0/path/posix/relative.ts": "3907d6eda41f0ff723d336125a1ad4349112cd4d48f693859980314d5b9da31c",
    "https://deno.land/std@0.216.0/path/posix/resolve.ts": "bac20d9921beebbbb2b73706683b518b1d0c1b1da514140cee409e90d6b2913a",
    "https://deno.land/std@0.216.0/path/posix/to_file_url.ts": "7aa752ba66a35049e0e4a4be5a0a31ac6b645257d2e031142abb1854de250aaf",
    "https://deno.land/std@0.216.0/path/posix/to_namespaced_path.ts": "28b216b3c76f892a4dca9734ff1cc0045d135532bfd9c435ae4858bfa5a2ebf0",
    "https://deno.land/std@0.216.0/path/relative.ts": "ab739d727180ed8727e34ed71d976912461d98e2b76de3d3de834c1066667add",
    "https://deno.land/std@0.216.0/path/resolve.ts": "a6f977bdb4272e79d8d0ed4333e3d71367cc3926acf15ac271f1d059c8494d8d",
    "https://deno.land/std@0.216.0/path/to_file_url.ts": "88f049b769bce411e2d2db5bd9e6fd9a185a5fbd6b9f5ad8f52bef517c4ece1b",
    "https://deno.land/std@0.216.0/path/to_namespaced_path.ts": "b706a4103b104cfadc09600a5f838c2ba94dbcdb642344557122dda444526e40",
    "https://deno.land/std@0.216.0/path/windows/_util.ts": "d5f47363e5293fced22c984550d5e70e98e266cc3f31769e1710511803d04808",
    "https://deno.land/std@0.216.0/path/windows/basename.ts": "e2dbf31d1d6385bfab1ce38c333aa290b6d7ae9e0ecb8234a654e583cf22f8fe",
    "https://deno.land/std@0.216.0/path/windows/common.ts": "26f60ccc8b2cac3e1613000c23ac5a7d392715d479e5be413473a37903a2b5d4",
    "https://deno.land/std@0.216.0/path/windows/constants.ts": "5afaac0a1f67b68b0a380a4ef391bf59feb55856aa8c60dfc01bd3b6abb813f5",
    "https://deno.land/std@0.216.0/path/windows/dirname.ts": "33e421be5a5558a1346a48e74c330b8e560be7424ed7684ea03c12c21b627bc9",
    "https://deno.land/std@0.216.0/path/windows/extname.ts": "165a61b00d781257fda1e9606a48c78b06815385e7d703232548dbfc95346bef",
    "https://deno.land/std@0.216.0/path/windows/format.ts": "bbb5ecf379305b472b1082cd2fdc010e44a0020030414974d6029be9ad52aeb6",
    "https://deno.land/std@0.216.0/path/windows/from_file_url.ts": "ced2d587b6dff18f963f269d745c4a599cf82b0c4007356bd957cb4cb52efc01",
    "https://deno.land/std@0.216.0/path/windows/glob_to_regexp.ts": "6dcd1242bd8907aa9660cbdd7c93446e6927b201112b0cba37ca5d80f81be51b",
    "https://deno.land/std@0.216.0/path/windows/is_absolute.ts": "4a8f6853f8598cf91a835f41abed42112cebab09478b072e4beb00ec81f8ca8a",
    "https://deno.land/std@0.216.0/path/windows/is_glob.ts": "8a8b08c08bf731acf2c1232218f1f45a11131bc01de81e5f803450a5914434b9",
    "https://deno.land/std@0.216.0/path/windows/join.ts": "e0b3356615c1a75c56ebb6a7311157911659e11fd533d80d724800126b761ac3",
    "https://deno.land/std@0.216.0/path/windows/join_globs.ts": "f6e2619c196b82d8fd67ba2cf680e5b44461f38bdfeec26d7b3f55bd92a85988",
    "https://deno.land/std@0.216.0/path/windows/mod.ts": "2301fc1c54a28b349e20656f68a85f75befa0ee9b6cd75bfac3da5aca9c3f604",
    "https://deno.land/std@0.216.0/path/windows/normalize.ts": "78126170ab917f0ca355a9af9e65ad6bfa5be14d574c5fb09bb1920f52577780",
    "https://deno.land/std@0.216.0/path/windows/normalize_glob.ts": "c57c186b0785ba5320a85e573c264f42c46eb1d0a4a78611f4791a7083baaa17",
    "https://deno.land/std@0.216.0/path/windows/parse.ts": "b9239edd892a06a06625c1b58425e199f018ce5649ace024d144495c984da734",
    "https://deno.land/std@0.216.0/path/windows/relative.ts": "3e1abc7977ee6cc0db2730d1f9cb38be87b0ce4806759d271a70e4997fc638d7",
    "https://deno.land/std@0.216.0/path/windows/resolve.ts": "75b2e3e1238d840782cee3d8864d82bfaa593c7af8b22f19c6422cf82f330ab3",
    "https://deno.land/std@0.216.0/path/windows/to_file_url.ts": "1cd63fd35ec8d1370feaa4752eccc4cc05ea5362a878be8dc7db733650995484",
    "https://deno.land/std@0.216.0/path/windows/to_namespaced_path.ts": "4ffa4fb6fae321448d5fe810b3ca741d84df4d7897e61ee29be961a6aac89a4c",
    "https://deno.land/std@0.216.0/regexp/escape.ts": "57303d6c9c6aa058d9a79a3c70113c545391639a87e9a18428220c1bad407549",
    "https://deno.land/std@0.216.0/testing/snapshot.ts": "35ca1c8e8bfb98d7b7e794f1b7be8d992483fcff572540e41396f22a5bddb944",
    "https://deno.land/x/denoflate@1.2.1/mod.ts": "f5628e44b80b3d80ed525afa2ba0f12408e3849db817d47a883b801f9ce69dd6",
    "https://deno.land/x/denoflate@1.2.1/pkg/denoflate.js": "b9f9ad9457d3f12f28b1fb35c555f57443427f74decb403113d67364e4f2caf4",
    "https://deno.land/x/denoflate@1.2.1/pkg/denoflate_bg.wasm.js": "d581956245407a2115a3d7e8d85a9641c032940a8e810acbd59ca86afd34d44d",
    "https://deno.land/x/emoji@0.1.2/all.ts": "f308ed6af940c3df7436a80dc8d016c3dcc16c3890a12724cf7e043a9e489a29",
    "https://deno.land/x/emoji@0.1.2/emoji.ts": "e6aa205846a805bca29466d82d24476c9e8aecbee0e477b845d332786c2b1770",
    "https://deno.land/x/emoji@0.1.2/mod.ts": "e466029cda15415de960c53797b739e3034d9e56774895b34a534e054e6f4076",
    "https://deno.land/x/emoji@0.1.2/unicode.ts": "ac8079e8e1da66ae9e601c1fdd0e7641120c2b07ca7bd2875e65fe23e16e6199",
    "https://deno.land/x/esbuild@v0.20.2/mod.js": "67c608ee283233f5d0faa322b887356857c547a8e6a00981f798b2cd38e02436",
    "https://deno.land/x/esbuild@v0.20.2/wasm.js": "5a887c1e38ad1056af11c58d45b6084d33bd33a62afa480d805801739370eed0",
    "https://deno.land/x/fresh@1.7.3/plugins/twind.ts": "c92e6b839c015248c5a8fd4d7fa484e3b7a2ae9c58d0771cca6a57f83f4aeb28",
    "https://deno.land/x/fresh@1.7.3/plugins/twind/shared.ts": "ad8ccde3874b305be13a996e6f1c774bb9f611505f98a0995f5f7be368c5949c",
    "https://deno.land/x/fresh@1.7.3/runtime.ts": "49f4f70c24d14c5d5e112a671ef0314e438e5cd83eacb4f75c6db2fbdc22b540",
    "https://deno.land/x/fresh@1.7.3/server.ts": "d5817615a3ac822d422627f2cd6f850a31e11f7e73b328a79807f722e6519bac",
    "https://deno.land/x/fresh@1.7.3/src/build/aot_snapshot.ts": "4ac6330e5325dd9411fa2a46e97bb289f910fde4be82dc349d3e2b4bb1a7c07d",
    "https://deno.land/x/fresh@1.7.3/src/build/deps.ts": "03f73580f7e1ccf2027cb45357bfb82c73c3971876680ea8b44666bcbcd1a9f0",
    "https://deno.land/x/fresh@1.7.3/src/build/esbuild.ts": "fdad9cc58f0ead0f954faad4a3c6b07da312acbe3306da742ba083ddb666d4b3",
    "https://deno.land/x/fresh@1.7.3/src/build/mod.ts": "b9d1695a86746ac3a1c52f0e07e723faa2310d1dfd109b9a2eebab6727c4702b",
    "https://deno.land/x/fresh@1.7.3/src/constants.ts": "4795d194b6c6b95f0e876c0a997fbaf57f94cfe253442c5819f95410870b79b3",
    "https://deno.land/x/fresh@1.7.3/src/runtime/Partial.tsx": "92e16fa7edf37dc8e254024a5410ea2c8986804a6ddf911af4d30209dff80a22",
    "https://deno.land/x/fresh@1.7.3/src/runtime/active_url.ts": "c718797b11189c7e2c86569355d55056148907121e958e00f71c56593aecc329",
    "https://deno.land/x/fresh@1.7.3/src/runtime/build_id.ts": "8376e70e42ce456dfa6932c638409d2ef1bca4833b4ceba0bf74510080a7f976",
    "https://deno.land/x/fresh@1.7.3/src/runtime/csp.ts": "9ee900e9b0b786057b1009da5976298c202d1b86d1f1e4d2510bde5f06530ac9",
    "https://deno.land/x/fresh@1.7.3/src/runtime/deserializer.ts": "1b83e75fa61c48b074ea121f33647d1ed15c68fa2f2a11b0a7f7a12cd38af627",
    "https://deno.land/x/fresh@1.7.3/src/runtime/head.ts": "0f9932874497ab6e57ed1ba01d549e843523df4a5d36ef97460e7a43e3132fdc",
    "https://deno.land/x/fresh@1.7.3/src/runtime/utils.ts": "4f40630c308e8ea7d53860687905caf1a2f2a46ad8692f24e905a8e996b584c3",
    "https://deno.land/x/fresh@1.7.3/src/server/boot.ts": "3a574c4baa6120f6770f419af6d8d6d5ae32c8e1bdddf2bb14cb258ba18ac62f",
    "https://deno.land/x/fresh@1.7.3/src/server/build_id.ts": "82d9cb985de6b1e38c3108e5a00667b16e80eedc145d73835d6b44349ebe6389",
    "https://deno.land/x/fresh@1.7.3/src/server/code_frame.ts": "fac505f138fbd1bb260030122b87aeb2f5b5e54018e3066e105c669c686cc373",
    "https://deno.land/x/fresh@1.7.3/src/server/compose.ts": "490aa1a7d540cc02bd4a184bea03eb2370aa34d93fe5a6ae1f31e2086eef4e76",
    "https://deno.land/x/fresh@1.7.3/src/server/config.ts": "a5d0545d18c68d01770a4eb321d2fc85081ad7992ae63b1497f0b92ee122410a",
    "https://deno.land/x/fresh@1.7.3/src/server/constants.ts": "e75a7f7b14185b6f85747613591348313200fe8e218cb473b1da9db941ee68d1",
    "https://deno.land/x/fresh@1.7.3/src/server/context.ts": "1211da93ab80bf148892f0322df795e07212ea33ba361a2053e22cae3b5b54b3",
    "https://deno.land/x/fresh@1.7.3/src/server/default_error_page.tsx": "094ad8d52d31f99172a606d0a0d8236604a1f9bb6d1f928d0d466d55b36dae70",
    "https://deno.land/x/fresh@1.7.3/src/server/defines.ts": "f518ff10e499d4543bb9231f55026f26be2507eaccb072aafab93c8cc0bc3adc",
    "https://deno.land/x/fresh@1.7.3/src/server/deps.ts": "efa2ddf6a21457839e42b6a69eca0c12a22a0bf3a6dd140b58abfe54e66328e8",
    "https://deno.land/x/fresh@1.7.3/src/server/error_overlay.tsx": "e6ab4cef0ea812a1e1f32ee9116c61f64db8466d46e228acbb953215f4517d9c",
    "https://deno.land/x/fresh@1.7.3/src/server/fs_extract.ts": "4dda675f03f0397310e4e6d4a57f3bf907db8a61a1a65423e67855daf5b9b36e",
    "https://deno.land/x/fresh@1.7.3/src/server/htmlescape.ts": "834ac7d0caa9fc38dffd9b8613fb47aeecd4f22d5d70c51d4b20a310c085835c",
    "https://deno.land/x/fresh@1.7.3/src/server/init_safe_deps.ts": "8c74d8708986d156126355b0935a1915069bfdc389ccabd3d2d72d1c9e04025c",
    "https://deno.land/x/fresh@1.7.3/src/server/mod.ts": "6cee56e234f6bc19f62f3b6c0d287dc7b9632fcbfb8f56dde1d81423532d65c4",
    "https://deno.land/x/fresh@1.7.3/src/server/render.ts": "b89387eb20c91969ace2de27b6c462f4e42c040d37b68440fe374e5cea9ea794",
    "https://deno.land/x/fresh@1.7.3/src/server/rendering/fresh_tags.tsx": "5f1238e465d9ad94aebdf5e3701f2b9da3c944d8c5cc4dc8005ff1418b164989",
    "https://deno.land/x/fresh@1.7.3/src/server/rendering/preact_hooks.ts": "db1a1ad7e4fbdac19b0758789ba7700531c214d531e1d03264b81a73beab05b5",
    "https://deno.land/x/fresh@1.7.3/src/server/rendering/state.ts": "5e0c3a60964596cc28c1804545eae323cbc92eec9ce8cb0932d5168a6d1f33e9",
    "https://deno.land/x/fresh@1.7.3/src/server/rendering/template.tsx": "bd1bc8edb054caac22043117f254927e8413e04cd1897009a2214ab374a1be19",
    "https://deno.land/x/fresh@1.7.3/src/server/router.ts": "d051f24ff5578772703cb7af2bc4516da08c73c769839d7a1e9a3c82e8dfe0e8",
    "https://deno.land/x/fresh@1.7.3/src/server/serializer.ts": "f0cffb863bbdbac6ed53fefe181e415d6aefc2101f2dc92a562b364088809e44",
    "https://deno.land/x/fresh@1.7.3/src/server/tailwind_aot_error_page.tsx": "7265b66dc76a2e54b40774bbeb3cc7d4deb2eac537e08712e90e9c7b9399e53a",
    "https://deno.land/x/fresh@1.7.3/src/server/types.ts": "cf4943a6d3e7df100aed20f243c0464cebb6af657749f742bd2c13e78c40dff2",
    "https://deno.land/x/fresh@1.7.3/src/types.ts": "05169e3389979d8283de0ec1db3a765324ffd730b6af29ffe02752f341ae7d35",
    "https://deno.land/x/gfm@0.1.23/deps.ts": "40d2c2846d5f2a92cc81401099f39f26fc541af000a01ac0dede689646843365",
    "https://deno.land/x/gfm@0.1.23/mod.ts": "97c97575f3091bb57c1f851c568ec4874a987fa23d914a7027879c8c5abef1b5",
    "https://deno.land/x/gfm@0.1.23/style.js": "f367db88b78a409bbb4f220ba5cf22fca0ce000692d02dad5d45cdbc6c70c3d4",
    "https://esm.sh/*preact-render-to-string@6.3.1": "37f046906d7cc1ce35828a029a05a4eed6c8eefc4b646a301939757dfbf8ab18",
    "https://esm.sh/*preact-render-to-string@6.3.1/denonext/preact-render-to-string.mjs": "859e9f3dc137a53c17542bbed4cf8accdca81a2895d7a52d1fca38e6c5c00c90",
    "https://esm.sh/@babel/helper-validator-identifier@7.22.20": "3b0b7d94b8ac689175ecb7e72183b07c6a771cc7680a7c9916091add73bd7f88",
    "https://esm.sh/@babel/helper-validator-identifier@7.22.20/denonext/helper-validator-identifier.mjs": "f765fd69eb4fd81b839b76bf60f227caac4fe4d41b4c646cc08aa7b8d948fe17",
    "https://esm.sh/deepmerge@4.3.1/denonext/deepmerge.mjs": "1f448aaa83a52514faecb2edc02eb766c9eb10b935b9ac4c1c2a877a0bb56b80",
    "https://esm.sh/deepmerge@4.3.1?target=denonext": "a8faef33b536441a2c63f8c967d160848eb1f898a8e83a35a9f0623ecd9063d3",
    "https://esm.sh/dom-serializer@1.4.1/denonext/dom-serializer.mjs": "6afe40853b4468ccc9aa8cfe19e4a620f5d6d659deaaf8fe1978a78861d6dd97",
    "https://esm.sh/dom-serializer@1.4.1?target=denonext": "0e9f0b638ed1b288844bb51781f455f4b7c10fa1053f3be8497bcea468bdaa87",
    "https://esm.sh/domelementtype@2.3.0/denonext/domelementtype.mjs": "4f3b57348729cd517560139eb1969ca2fe9cc58c5188abe56e7336d5cb557cc0",
    "https://esm.sh/domelementtype@2.3.0?target=denonext": "2beb2a1e3d18892a9b00ef9528811b93f613a77d2b6fb25376ec0f109ac48a4f",
    "https://esm.sh/domhandler@4.3.1/denonext/domhandler.mjs": "361526a27076c2a91517416b423bbb42534ee7f2e522f5bdc5589bbcbf4ffd7a",
    "https://esm.sh/domhandler@4.3.1?target=denonext": "ac1fbcd8e2f4b35996e1e6e1b84363c94ab2838d78c170a26f32256570c31f59",
    "https://esm.sh/domutils@2.8.0/denonext/domutils.mjs": "b9f93303d4ac2c32b4e702dbb64fae86af1ff668d9bd4c7fadda2f5290e6ec39",
    "https://esm.sh/domutils@2.8.0?target=denonext": "55975fffde32fe93e7614943409c1c5e0a5b90fd584be3890130619c662451e1",
    "https://esm.sh/entities@2.2.0/denonext/entities.mjs": "d531bc5720975318b372d74fe0d6b323729262296fb7ed1910f827a27ea01d85",
    "https://esm.sh/entities@2.2.0/denonext/lib/decode_codepoint.mjs": "0c4191deb2f008d9061aea06bcb7ccfbac9a6a7c8a913be5739266ca025b94d6",
    "https://esm.sh/entities@2.2.0/lib/decode_codepoint?target=denonext": "fe548ed332162c0c84fa2cac2dccc413fa2f038d24ebafb72383fc825d57e1f9",
    "https://esm.sh/entities@2.2.0/lib/maps/entities.json?module": "beb583b520a74f437f8c8e8253f6d31217d2849d666827986a9229a5057108b9",
    "https://esm.sh/entities@2.2.0/lib/maps/legacy.json?module": "c74f610eadd830b6b619da006810e090ce6cd8055b091cef2cad73c75c02b17e",
    "https://esm.sh/entities@2.2.0/lib/maps/xml.json?module": "937ec2a06ad2beaeb20b3ca285dcb2775fc4db34a119354ef24dd0bc02399beb",
    "https://esm.sh/entities@2.2.0?target=denonext": "1c51d3da06cb39e0cf1075ea38b83b28ca1c9c1429d41a51c52f9693df8810ef",
    "https://esm.sh/escape-string-regexp@4.0.0/denonext/escape-string-regexp.mjs": "8b9ba1b04d86262e578b7ed6f847ab744d87f8c6fdc93d0ce4814066346f253c",
    "https://esm.sh/escape-string-regexp@4.0.0?target=denonext": "773f8560c5504d7a3d2ace5dcf985473388172a407673060a1a106d1fe10076e",
    "https://esm.sh/he@1.2.0": "bc304782debd103009d8ad8554a39142d747ad2bc3e41dd4925879611f5fd0dd",
    "https://esm.sh/he@1.2.0/denonext/he.mjs": "909418f242c58b64c65b0f18e3107395a3279a80c5521f0fc6551dbbe140ed14",
    "https://esm.sh/htmlparser2@6.1.0/denonext/htmlparser2.mjs": "21405f88f72f41abf653df17bd6632d2ad287fe0592ece8e4f61da2f5daf331a",
    "https://esm.sh/htmlparser2@6.1.0?target=denonext": "49f8fd0c8b2d7ad0295b187c7f4b6aa83910e415e1ecbb683388dded591a3bef",
    "https://esm.sh/marked@4.0.12": "8641c18c59229dbef38a454f8824ccd184fa780f44d63d11a7fc5b32678b8a52",
    "https://esm.sh/marked@4.0.12/denonext/marked.mjs": "957bafc369e183ca3980ca1aa0168b590d5de833a49c0f951ad9e9894f85850f",
    "https://esm.sh/nanoid@3.3.11/denonext/non-secure.mjs": "1f166118c1c4b4d4b5356ef0050fed87acf28cdb8a76813803fee72188f18b30",
    "https://esm.sh/nanoid@3.3.11/non-secure?target=denonext": "ac0c34cc5f9846db51a5d868ce6ee815f831a19b1d57a1b8bae9226fc8d68dec",
    "https://esm.sh/parse-srcset@1.0.2/denonext/parse-srcset.mjs": "eaed6b50e95f4be186d52d09bdf27fc7f2cbdd18c300558b11e189db53e32c44",
    "https://esm.sh/parse-srcset@1.0.2?target=denonext": "5a5bb01aad672c419745d58be9f946481eb0458365a612725eb33761068036af",
    "https://esm.sh/picocolors@1.1.1/denonext/picocolors.mjs": "fa0033734392d8b8ad0c565338a77fa835e8b00e9ef244bf6f36570dd699ea3f",
    "https://esm.sh/picocolors@1.1.1?target=denonext": "97aaf037b1af74a20fe9f9f2beabba700924823101e86bdcd3ae2c9327376f74",
    "https://esm.sh/postcss@8.5.8/denonext/lib/at-rule.mjs": "55251ec50732cc32c9568c81091e96dfb8147c5550f2f8b401f1c32ebd31454a",
    "https://esm.sh/postcss@8.5.8/denonext/lib/comment.mjs": "4a79599c75405ea7b1541f9c8cb4a606935a25f156c57e0fb63aadfd5b5485d3",
    "https://esm.sh/postcss@8.5.8/denonext/lib/container.mjs": "c6aaf643a68abcefc174ba13fb2b9e58bae96fb0d299f1fa681050d5594fe758",
    "https://esm.sh/postcss@8.5.8/denonext/lib/css-syntax-error.mjs": "bdc64e422eb4edbf0c6d5dc5198c122f29ce900bef994ab55fd8c35dc48b8160",
    "https://esm.sh/postcss@8.5.8/denonext/lib/declaration.mjs": "b54ce6cfed925c36b10ad6c4b26117e066a7f06da02084cbe6fda75d97e0400e",
    "https://esm.sh/postcss@8.5.8/denonext/lib/document.mjs": "5109124c0bbe6770857c257d728b4f63ee3923ce470c11b0f194da838470b13c",
    "https://esm.sh/postcss@8.5.8/denonext/lib/fromJSON.mjs": "e92916847b682aa46ebcdf5e34002c8fe183ace20aa1cdfeef2d905709937327",
    "https://esm.sh/postcss@8.5.8/denonext/lib/input.mjs": "d3a3e1d7c1155aebce93809b0afa71114decb0806cc96cec80c47833bcbd4ee8",
    "https://esm.sh/postcss@8.5.8/denonext/lib/lazy-result.mjs": "645ccfe401f844888df78bba7d655b3ad28c81cf301f1d7da6ad4c2eed4e1712",
    "https://esm.sh/postcss@8.5.8/denonext/lib/list.mjs": "2a0b9916203c0fd882ec5fbf6e5d93b9097875d8e4ab20b3dbcc81752ccba99c",
    "https://esm.sh/postcss@8.5.8/denonext/lib/map-generator.mjs": "82990deb7eb8dc5a29352103aec9dbbca32ad3d283ade72f3cd4ef46aa83d556",
    "https://esm.sh/postcss@8.5.8/denonext/lib/no-work-result.mjs": "5f2d826b81f3148de3a5cd5729bb435b7dacc7b83454f3c5d58a466d10a1f38b",
    "https://esm.sh/postcss@8.5.8/denonext/lib/node.mjs": "b7e9c6aa265eae136309777825950a1cbb3d92912b6354dd6c7a17610c7f8e83",
    "https://esm.sh/postcss@8.5.8/denonext/lib/parse.mjs": "3b2d58153d3ce1827fc3bfa8884a24454382fb3b5fe3838446cb08d997fd4689",
    "https://esm.sh/postcss@8.5.8/denonext/lib/parser.mjs": "69a71e9141778b14738565fca437bf1f84e9fb27eb2ca5e13a0ba37d31626073",
    "https://esm.sh/postcss@8.5.8/denonext/lib/previous-map.mjs": "a18d9573e48e520417b352470f4bcf1fa2812a89e67033c83922e6db734f663f",
    "https://esm.sh/postcss@8.5.8/denonext/lib/processor.mjs": "24e3d6f91cc22bba386318dbef1de5da0f675af9f59517330fc2fc7da83cc51d",
    "https://esm.sh/postcss@8.5.8/denonext/lib/result.mjs": "e713fb2347c1c2c00dfc67d66b34c55031d4c1a533c491619e43cfe857b82f6b",
    "https://esm.sh/postcss@8.5.8/denonext/lib/root.mjs": "5b93b7b0874dc76cd49e0e7620a0bd66e18918ca857f49f1455fce6183f571e2",
    "https://esm.sh/postcss@8.5.8/denonext/lib/rule.mjs": "10d12ae4b1be2a7e09813945f1ed4d326bece38aec7a879032e71917fd036f8d",
    "https://esm.sh/postcss@8.5.8/denonext/lib/stringifier.mjs": "c67e41239c276c04eadbdfb195907f3449d45f194cac12d0ee40ca482b5e192e",
    "https://esm.sh/postcss@8.5.8/denonext/lib/stringify.mjs": "f1b7e7e3d145a26e2bc8d5f57992f2f45947acf5f1fba2b9e50bbdb183793cee",
    "https://esm.sh/postcss@8.5.8/denonext/lib/symbols.mjs": "4f0e7b08e2adc6939ca9a59c06d73bd08996a515a2d633376285535c7f58a820",
    "https://esm.sh/postcss@8.5.8/denonext/lib/terminal-highlight.mjs": "54436e19d5188d7086a7c835919d6292c80d96aa2a8e74a852003e42eac69583",
    "https://esm.sh/postcss@8.5.8/denonext/lib/tokenize.mjs": "d2f720d49ce43443af53eb3136bb3d0dbb8cab16a676e06ebe9a2a71a39f3701",
    "https://esm.sh/postcss@8.5.8/denonext/lib/warn-once.mjs": "7349ef00eab694bd0787d1e7c22ad56b6a74c525dd665f7ed663feae236806fe",
    "https://esm.sh/postcss@8.5.8/denonext/lib/warning.mjs": "b1d0a8d9e069b98e07c1281c74df7205c6ea7a9a1b9d8f7b0a5c5ef5cc6dad36",
    "https://esm.sh/postcss@8.5.8/denonext/postcss.mjs": "de0fdd17054ddd7adcaf96b656995b3242b988b6127146c0b65cc7eec4a89228",
    "https://esm.sh/postcss@8.5.8?target=denonext": "c05d5b58e68ca57c0529304c8a8675d4894f318652d44cf16838a91cb8e78277",
    "https://esm.sh/prismjs@1.27.0": "7f6ded0fc99551dc2132703ab0beb6670dd99a8a09027015db80d9500e644cb3",
    "https://esm.sh/prismjs@1.27.0/components/prism-diff.js?no-check": "39fc9d5a6c46626869561e143a51013e5f45420cd909833f9372617ef082cea3",
    "https://esm.sh/prismjs@1.27.0/components/prism-graphql?no-check": "334cf159686add06d610bef49f1abc1bf56cf2aae3f56abd83e928d8134f2d07",
    "https://esm.sh/prismjs@1.27.0/components/prism-jsx.js?no-check": "0dfd4ffac157ebc92bb579cbab043d6ccb551bd69a754e83640518149a649a01",
    "https://esm.sh/prismjs@1.27.0/components/prism-tsx.js?no-check": "898b6bc85654cb48e97438004bf0316887b43f4388212876708c58172e8d53f1",
    "https://esm.sh/prismjs@1.27.0/components/prism-typescript.js?no-check": "cb2e013db75118b2de3eb4fa653ad13b7a8ff29ac06923bcf7cdb9e713c8d16b",
    "https://esm.sh/prismjs@1.27.0/deno/components/prism-jsx.mjs": "7a838ae3cf11dc44a23a51eb9d1db8ea8bfe24a22d9e8cf0bc0e2d793305aa23",
    "https://esm.sh/prismjs@1.27.0/denonext/components/prism-diff.mjs": "a666c1fa1a1b434ba6232e3e6a5148d986986a8e621d5a0b6d7ea845fc8bdfd5",
    "https://esm.sh/prismjs@1.27.0/denonext/components/prism-graphql.mjs": "9bbe24abdf8c43b66a57c4c99a5457fb806bd82c3d0b260a9d1f9965ad3c925e",
    "https://esm.sh/prismjs@1.27.0/denonext/components/prism-typescript.mjs": "ccdf82242290db64b498a3de52da7f4f04653507608aeea2d6a5a31c2ebaa88f",
    "https://esm.sh/prismjs@1.27.0/denonext/prismjs.mjs": "37412853d75d55f17215eced994ece328ffa7b72e6897809a1ad5a95e092c28c",
    "https://esm.sh/prismjs@1.27.0/es2022/components/prism-tsx.mjs": "7450c51f1d9cb09b96642d2ff46e4318c020a9ee4a9378591cc44c0456752669",
    "https://esm.sh/sanitize-html@2.7.0": "3b5b957c3195c7a542d6bda27b7ad3d9d320a8af64cbf7cd63aed8b8d92a0678",
    "https://esm.sh/sanitize-html@2.7.0/denonext/sanitize-html.mjs": "3e69efbd4fd5cdb8f76097550386d59b2cb222d7dea561a9aab31a321822db01",
    "https://esm.sh/source-map-js@1.2.1/denonext/source-map-js.mjs": "abc9dc062280bfd334ef791e2b520633293a1eb1a001ae9c9e3078d2638c3305",
    "https://esm.sh/source-map-js@1.2.1?target=denonext": "33ba5cf2ee7c1fe6b63b36c31e9075e290bc5c574055acbdc48c2f24a21d2f83",
    "https://esm.sh/style-vendorizer@2.2.3/denonext/style-vendorizer.mjs": "5201bd4a17899690af07a1f1d1de8504fb6ed401e3bd7fca4ce76598c2b3f4e6",
    "https://esm.sh/style-vendorizer@2.2.3?target=denonext": "046aa4bfbc2f2f1d624d74bde1b7d2227a5d9a00122725b711768554999fc3eb",
    "https://esm.sh/twind@0.16.17": "1e05db280ad2f2bf1fea0f3ad6c5e0cf9fae0d10775aabb36bfd2254fce69bdb",
    "https://esm.sh/twind@0.16.17/denonext/sheets.mjs": "fb0bf7d7df78c67954130f7c5229779f7171dafc9ccfe4029cd586e4e5dfd78d",
    "https://esm.sh/twind@0.16.17/denonext/twind.mjs": "197ba8db7ec1e541cd6be404b71f770abd7ebfdbcbf04bf02c2e4c1e3fd067a8",
    "https://esm.sh/twind@0.16.17/sheets": "03d294217bcde1fbb1fb9acb3e0a587d328b65c050b280c34dc86615ef1f6a43"
  },
  "workspace": {
    "dependencies": [
      "npm:preact-render-to-string@5.2.4",
      "npm:preact@10.18.2"
    ]
  }
}
